{
  "version": 4,
  "terraform_version": "1.16.1",
  "serial": 898,
  "lineage": "3127acd9-9f7f-222e-6492-96f83c3f41cb",
  "outputs": {},
  "resources": [
    {
      "module": "module.ecr",
      "mode": "managed",
      "type": "aws_ecr_repository",
      "name": "app",
      "provider": "provider[\"registry.terraform.io/hashicorp/aws\"]",
      "instances": [
        {
          "schema_version": 0,
          "attributes": {
            "arn": "arn:aws:ecr:eu-west-2:016279725091:repository/dev-web-app",
            "encryption_configuration": [
              {
                "encryption_type": "KMS",
                "kms_key": "arn:aws:kms:eu-west-2:016279725091:key/6c565a05-b134-479a-95f9-5003af04935c"
              }
            ],
            "force_delete": null,
            "id": "dev-web-app",
            "image_scanning_configuration": [
              {
                "scan_on_push": true
              }
            ],
            "image_tag_mutability": "MUTABLE",
            "image_tag_mutability_exclusion_filter": [],
            "name": "dev-web-app",
            "region": "eu-west-2",
            "registry_id": "016279725091",
            "repository_url": "016279725091.dkr.ecr.eu-west-2.amazonaws.com/dev-web-app",
            "tags": {
              "Environment": "dev",
              "ManagedBy": "Terraform"
            },
            "tags_all": {
              "Environment": "dev",
              "ManagedBy": "Terraform",
              "Project": "3-Tier-App"
            },
            "timeouts": null
          },
          "sensitive_attributes": [],
          "identity_schema_version": 0,
          "identity": {
            "account_id": "016279725091",
            "name": "dev-web-app",
            "region": "eu-west-2"
          },
          "private": "eyJlMmJmYjczMC1lY2FhLTExZTYtOGY4OC0zNDM2M2JjN2M0YzAiOnsiZGVsZXRlIjoxMjAwMDAwMDAwMDAwfX0="
        }
      ]
    }
  ],
  "check_results": null
}
