{
  "version": 4,
  "terraform_version": "1.16.1",
  "serial": 674,
  "lineage": "3127acd9-9f7f-222e-6492-96f83c3f41cb",
  "outputs": {
    "alb_public_dns": {
      "value": "http://dev-alb-1943373018.eu-west-2.elb.amazonaws.com",
      "type": "string"
    },
    "db_credentials_secret_arn": {
      "value": "arn:aws:secretsmanager:eu-west-2:016279725091:secret:dev/rds/credentials-64JGTg",
      "type": "string"
    },
    "ecr_repository_url": {
      "value": "016279725091.dkr.ecr.eu-west-2.amazonaws.com/dev-web-app",
      "type": "string"
    },
    "ecs_cluster_name": {
      "value": "dev-ecs-cluster",
      "type": "string"
    },
    "nat_gateway_ip": {
      "value": "13.42.195.15",
      "type": "string"
    },
    "rds_endpoint": {
      "value": "terraform-5bcb9ac2cd0cbca900cbe480dd.c78i4ycesmly.eu-west-2.rds.amazonaws.com:5432",
      "type": "string"
    }
  },
  "resources": [
    {
      "mode": "managed",
      "type": "aws_iam_role",
      "name": "ecs_execution_role",
      "provider": "provider[\"registry.terraform.io/hashicorp/aws\"]",
      "instances": [
        {
          "schema_version": 0,
          "attributes": {
            "arn": "arn:aws:iam::016279725091:role/dev-ecs-execution-role",
            "assume_role_policy": "{\"Statement\":[{\"Action\":\"sts:AssumeRole\",\"Effect\":\"Allow\",\"Principal\":{\"Service\":\"ecs-tasks.amazonaws.com\"}}],\"Version\":\"2012-10-17\"}",
            "create_date": "2026-09-08T17:07:27Z",
            "description": "",
            "force_detach_policies": false,
            "id": "dev-ecs-execution-role",
            "inline_policy": [],
            "managed_policy_arns": [
              "arn:aws:iam::016279725091:policy/dev-ecs-secrets-policy",
              "arn:aws:iam::aws:policy/service-role/AmazonECSTaskExecutionRolePolicy"
            ],
            "max_session_duration": 3600,
            "name": "dev-ecs-execution-role",
            "name_prefix": "",
            "path": "/",
            "permissions_boundary": "",
            "tags": {},
            "tags_all": {
              "Environment": "dev",
              "ManagedBy": "Terraform",
              "Project": "3-Tier-App"
            },
            "unique_id": "AROAQHSSY4QRZQTWASI6K"
          },
          "sensitive_attributes": [],
          "identity_schema_version": 0,
          "identity": {
            "account_id": "016279725091",
            "name": "dev-ecs-execution-role"
          },
          "private": "bnVsbA=="
        }
      ]
    },
    {
      "mode": "managed",
      "type": "aws_iam_role_policy_attachment",
      "name": "ecs_execution",
      "provider": "provider[\"registry.terraform.io/hashicorp/aws\"]",
      "instances": [
        {
          "schema_version": 0,
          "attributes": {
            "id": "dev-ecs-execution-role/arn:aws:iam::aws:policy/service-role/AmazonECSTaskExecutionRolePolicy",
            "policy_arn": "arn:aws:iam::aws:policy/service-role/AmazonECSTaskExecutionRolePolicy",
            "role": "dev-ecs-execution-role"
          },
          "sensitive_attributes": [],
          "identity_schema_version": 0,
          "identity": {
            "account_id": "016279725091",
            "policy_arn": "arn:aws:iam::aws:policy/service-role/AmazonECSTaskExecutionRolePolicy",
            "role": "dev-ecs-execution-role"
          },
          "private": "bnVsbA==",
          "dependencies": [
            "aws_iam_role.ecs_execution_role"
          ]
        }
      ]
    },
    {
      "module": "module.alb",
      "mode": "managed",
      "type": "aws_lb",
      "name": "main",
      "provider": "provider[\"registry.terraform.io/hashicorp/aws\"]",
      "instances": [
        {
          "schema_version": 0,
          "attributes": {
            "access_logs": [
              {
                "bucket": "",
                "enabled": false,
                "prefix": ""
              }
            ],
            "arn": "arn:aws:elasticloadbalancing:eu-west-2:016279725091:loadbalancer/app/dev-alb/e847d75657566649",
            "arn_suffix": "app/dev-alb/e847d75657566649",
            "client_keep_alive": 3600,
            "connection_logs": [
              {
                "bucket": "",
                "enabled": false,
                "prefix": ""
              }
            ],
            "customer_owned_ipv4_pool": "",
            "desync_mitigation_mode": "defensive",
            "dns_name": "dev-alb-1943373018.eu-west-2.elb.amazonaws.com",
            "dns_record_client_routing_policy": null,
            "drop_invalid_header_fields": false,
            "enable_cross_zone_load_balancing": true,
            "enable_deletion_protection": false,
            "enable_http2": true,
            "enable_prefix_for_ipv6_source_nat": "off",
            "enable_tls_version_and_cipher_suite_headers": false,
            "enable_waf_fail_open": false,
            "enable_xff_client_port": false,
            "enable_zonal_shift": false,
            "enforce_security_group_inbound_rules_on_private_link_traffic": "",
            "health_check_logs": [
              {
                "bucket": "",
                "enabled": false,
                "prefix": ""
              }
            ],
            "id": "arn:aws:elasticloadbalancing:eu-west-2:016279725091:loadbalancer/app/dev-alb/e847d75657566649",
            "idle_timeout": 60,
            "internal": false,
            "ip_address_type": "ipv4",
            "ipam_pools": [],
            "load_balancer_type": "application",
            "minimum_load_balancer_capacity": [],
            "name": "dev-alb",
            "name_prefix": "",
            "preserve_host_header": false,
            "region": "eu-west-2",
            "secondary_ips_auto_assigned_per_subnet": null,
            "security_groups": [
              "sg-06bc380e275d63bbe"
            ],
            "subnet_mapping": [
              {
                "allocation_id": "",
                "ipv6_address": "",
                "outpost_id": "",
                "private_ipv4_address": "",
                "subnet_id": "subnet-032e57d599fcb234b"
              },
              {
                "allocation_id": "",
                "ipv6_address": "",
                "outpost_id": "",
                "private_ipv4_address": "",
                "subnet_id": "subnet-07990a5ec15c3c6b7"
              }
            ],
            "subnets": [
              "subnet-032e57d599fcb234b",
              "subnet-07990a5ec15c3c6b7"
            ],
            "tags": {},
            "tags_all": {
              "Environment": "dev",
              "ManagedBy": "Terraform",
              "Project": "3-Tier-App"
            },
            "timeouts": null,
            "vpc_id": "vpc-0f7509be53e4bb76e",
            "xff_header_processing_mode": "append",
            "zone_id": "ZHURV8PSTC4K8"
          },
          "sensitive_attributes": [],
          "identity_schema_version": 0,
          "identity": {
            "arn": "arn:aws:elasticloadbalancing:eu-west-2:016279725091:loadbalancer/app/dev-alb/e847d75657566649"
          },
          "private": "eyJlMmJmYjczMC1lY2FhLTExZTYtOGY4OC0zNDM2M2JjN2M0YzAiOnsiY3JlYXRlIjo2MDAwMDAwMDAwMDAsImRlbGV0ZSI6NjAwMDAwMDAwMDAwLCJ1cGRhdGUiOjYwMDAwMDAwMDAwMH19",
          "dependencies": [
            "module.alb.aws_security_group.alb",
            "module.vpc.aws_subnet.public",
            "module.vpc.aws_vpc.main"
          ]
        }
      ]
    },
    {
      "module": "module.alb",
      "mode": "managed",
      "type": "aws_lb_listener",
      "name": "http",
      "provider": "provider[\"registry.terraform.io/hashicorp/aws\"]",
      "instances": [
        {
          "schema_version": 0,
          "attributes": {
            "alpn_policy": null,
            "arn": "arn:aws:elasticloadbalancing:eu-west-2:016279725091:listener/app/dev-alb/e847d75657566649/3ef36f1c9b07cc8d",
            "certificate_arn": null,
            "default_action": [
              {
                "authenticate_cognito": [],
                "authenticate_oidc": [],
                "fixed_response": [],
                "forward": [],
                "jwt_validation": [],
                "order": 1,
                "redirect": [],
                "target_group_arn": "arn:aws:elasticloadbalancing:eu-west-2:016279725091:targetgroup/dev-tg/d7d101f1fd39aa0a",
                "type": "forward"
              }
            ],
            "id": "arn:aws:elasticloadbalancing:eu-west-2:016279725091:listener/app/dev-alb/e847d75657566649/3ef36f1c9b07cc8d",
            "load_balancer_arn": "arn:aws:elasticloadbalancing:eu-west-2:016279725091:loadbalancer/app/dev-alb/e847d75657566649",
            "mutual_authentication": [],
            "port": 80,
            "protocol": "HTTP",
            "region": "eu-west-2",
            "routing_http_request_x_amzn_mtls_clientcert_header_name": null,
            "routing_http_request_x_amzn_mtls_clientcert_issuer_header_name": null,
            "routing_http_request_x_amzn_mtls_clientcert_leaf_header_name": null,
            "routing_http_request_x_amzn_mtls_clientcert_serial_number_header_name": null,
            "routing_http_request_x_amzn_mtls_clientcert_subject_header_name": null,
            "routing_http_request_x_amzn_mtls_clientcert_validity_header_name": null,
            "routing_http_request_x_amzn_tls_cipher_suite_header_name": null,
            "routing_http_request_x_amzn_tls_version_header_name": null,
            "routing_http_response_access_control_allow_credentials_header_value": "",
            "routing_http_response_access_control_allow_headers_header_value": "",
            "routing_http_response_access_control_allow_methods_header_value": "",
            "routing_http_response_access_control_allow_origin_header_value": "",
            "routing_http_response_access_control_expose_headers_header_value": "",
            "routing_http_response_access_control_max_age_header_value": "",
            "routing_http_response_content_security_policy_header_value": "",
            "routing_http_response_server_enabled": true,
            "routing_http_response_strict_transport_security_header_value": "",
            "routing_http_response_x_content_type_options_header_value": "",
            "routing_http_response_x_frame_options_header_value": "",
            "ssl_policy": "",
            "tags": {},
            "tags_all": {
              "Environment": "dev",
              "ManagedBy": "Terraform",
              "Project": "3-Tier-App"
            },
            "tcp_idle_timeout_seconds": null,
            "timeouts": null
          },
          "sensitive_attributes": [],
          "identity_schema_version": 0,
          "identity": {
            "arn": "arn:aws:elasticloadbalancing:eu-west-2:016279725091:listener/app/dev-alb/e847d75657566649/3ef36f1c9b07cc8d"
          },
          "private": "eyJlMmJmYjczMC1lY2FhLTExZTYtOGY4OC0zNDM2M2JjN2M0YzAiOnsiY3JlYXRlIjozMDAwMDAwMDAwMDAsInVwZGF0ZSI6MzAwMDAwMDAwMDAwfX0=",
          "dependencies": [
            "module.alb.aws_lb.main",
            "module.alb.aws_lb_target_group.app",
            "module.alb.aws_security_group.alb",
            "module.vpc.aws_subnet.public",
            "module.vpc.aws_vpc.main"
          ]
        }
      ]
    },
    {
      "module": "module.alb",
      "mode": "managed",
      "type": "aws_lb_target_group",
      "name": "app",
      "provider": "provider[\"registry.terraform.io/hashicorp/aws\"]",
      "instances": [
        {
          "schema_version": 0,
          "attributes": {
            "arn": "arn:aws:elasticloadbalancing:eu-west-2:016279725091:targetgroup/dev-tg/d7d101f1fd39aa0a",
            "arn_suffix": "targetgroup/dev-tg/d7d101f1fd39aa0a",
            "connection_termination": null,
            "deregistration_delay": "300",
            "health_check": [
              {
                "enabled": true,
                "healthy_threshold": 3,
                "interval": 30,
                "matcher": "200",
                "path": "/health",
                "port": "traffic-port",
                "protocol": "HTTP",
                "timeout": 5,
                "unhealthy_threshold": 3
              }
            ],
            "id": "arn:aws:elasticloadbalancing:eu-west-2:016279725091:targetgroup/dev-tg/d7d101f1fd39aa0a",
            "ip_address_type": "ipv4",
            "lambda_multi_value_headers_enabled": false,
            "load_balancer_arns": [
              "arn:aws:elasticloadbalancing:eu-west-2:016279725091:loadbalancer/app/dev-alb/e847d75657566649"
            ],
            "load_balancing_algorithm_type": "round_robin",
            "load_balancing_anomaly_mitigation": "off",
            "load_balancing_cross_zone_enabled": "use_load_balancer_configuration",
            "name": "dev-tg",
            "name_prefix": "",
            "port": 8080,
            "preserve_client_ip": null,
            "protocol": "HTTP",
            "protocol_version": "HTTP1",
            "proxy_protocol_v2": false,
            "region": "eu-west-2",
            "slow_start": 0,
            "stickiness": [
              {
                "cookie_duration": 86400,
                "cookie_name": "",
                "enabled": false,
                "type": "lb_cookie"
              }
            ],
            "tags": {},
            "tags_all": {
              "Environment": "dev",
              "ManagedBy": "Terraform",
              "Project": "3-Tier-App"
            },
            "target_control_port": 0,
            "target_failover": [
              {
                "on_deregistration": null,
                "on_unhealthy": null
              }
            ],
            "target_group_health": [
              {
                "dns_failover": [
                  {
                    "minimum_healthy_targets_count": "1",
                    "minimum_healthy_targets_percentage": "off"
                  }
                ],
                "unhealthy_state_routing": [
                  {
                    "minimum_healthy_targets_count": 1,
                    "minimum_healthy_targets_percentage": "off"
                  }
                ]
              }
            ],
            "target_health_state": [
              {
                "enable_unhealthy_connection_termination": null,
                "unhealthy_draining_interval": null
              }
            ],
            "target_type": "ip",
            "vpc_id": "vpc-0f7509be53e4bb76e"
          },
          "sensitive_attributes": [],
          "identity_schema_version": 0,
          "identity": {
            "arn": "arn:aws:elasticloadbalancing:eu-west-2:016279725091:targetgroup/dev-tg/d7d101f1fd39aa0a"
          },
          "private": "bnVsbA==",
          "dependencies": [
            "module.vpc.aws_vpc.main"
          ]
        }
      ]
    },
    {
      "module": "module.alb",
      "mode": "managed",
      "type": "aws_security_group",
      "name": "alb",
      "provider": "provider[\"registry.terraform.io/hashicorp/aws\"]",
      "instances": [
        {
          "schema_version": 1,
          "attributes": {
            "arn": "arn:aws:ec2:eu-west-2:016279725091:security-group/sg-06bc380e275d63bbe",
            "description": "Allow inbound HTTP/HTTPS traffic",
            "egress": [
              {
                "cidr_blocks": [
                  "0.0.0.0/0"
                ],
                "description": "",
                "from_port": 0,
                "ipv6_cidr_blocks": [],
                "prefix_list_ids": [],
                "protocol": "-1",
                "security_groups": [],
                "self": false,
                "to_port": 0
              }
            ],
            "id": "sg-06bc380e275d63bbe",
            "ingress": [
              {
                "cidr_blocks": [
                  "0.0.0.0/0"
                ],
                "description": "",
                "from_port": 80,
                "ipv6_cidr_blocks": [],
                "prefix_list_ids": [],
                "protocol": "tcp",
                "security_groups": [],
                "self": false,
                "to_port": 80
              }
            ],
            "name": "dev-alb-sg",
            "name_prefix": "",
            "owner_id": "016279725091",
            "region": "eu-west-2",
            "revoke_rules_on_delete": false,
            "tags": {},
            "tags_all": {
              "Environment": "dev",
              "ManagedBy": "Terraform",
              "Project": "3-Tier-App"
            },
            "timeouts": null,
            "vpc_id": "vpc-0f7509be53e4bb76e"
          },
          "sensitive_attributes": [],
          "identity_schema_version": 0,
          "identity": {
            "account_id": "016279725091",
            "id": "sg-06bc380e275d63bbe",
            "region": "eu-west-2"
          },
          "private": "eyJlMmJmYjczMC1lY2FhLTExZTYtOGY4OC0zNDM2M2JjN2M0YzAiOnsiY3JlYXRlIjo2MDAwMDAwMDAwMDAsImRlbGV0ZSI6OTAwMDAwMDAwMDAwfSwic2NoZW1hX3ZlcnNpb24iOiIxIn0=",
          "dependencies": [
            "module.vpc.aws_vpc.main"
          ]
        }
      ]
    },
    {
      "module": "module.ecr",
      "mode": "managed",
      "type": "aws_ecr_lifecycle_policy",
      "name": "app_policy",
      "provider": "provider[\"registry.terraform.io/hashicorp/aws\"]",
      "instances": [
        {
          "schema_version": 0,
          "attributes": {
            "id": "dev-web-app",
            "policy": "{\"rules\":[{\"action\":{\"type\":\"expire\"},\"description\":\"Keep last 10 images\",\"rulePriority\":1,\"selection\":{\"countNumber\":10,\"countType\":\"imageCountMoreThan\",\"tagStatus\":\"any\"}}]}",
            "region": "eu-west-2",
            "registry_id": "016279725091",
            "repository": "dev-web-app"
          },
          "sensitive_attributes": [],
          "identity_schema_version": 0,
          "identity": {
            "account_id": "016279725091",
            "region": "eu-west-2",
            "repository": "dev-web-app"
          },
          "private": "bnVsbA==",
          "dependencies": [
            "module.ecr.aws_ecr_repository.app"
          ]
        }
      ]
    },
    {
      "module": "module.ecr",
      "mode": "managed",
      "type": "aws_ecr_repository",
      "name": "app",
      "provider": "provider[\"registry.terraform.io/hashicorp/aws\"]",
      "instances": [
        {
          "schema_version": 0,
          "attributes": {
            "arn": "arn:aws:ecr:eu-west-2:016279725091:repository/dev-web-app",
            "encryption_configuration": [
              {
                "encryption_type": "KMS",
                "kms_key": "arn:aws:kms:eu-west-2:016279725091:key/6c565a05-b134-479a-95f9-5003af04935c"
              }
            ],
            "force_delete": null,
            "id": "dev-web-app",
            "image_scanning_configuration": [
              {
                "scan_on_push": true
              }
            ],
            "image_tag_mutability": "MUTABLE",
            "image_tag_mutability_exclusion_filter": [],
            "name": "dev-web-app",
            "region": "eu-west-2",
            "registry_id": "016279725091",
            "repository_url": "016279725091.dkr.ecr.eu-west-2.amazonaws.com/dev-web-app",
            "tags": {
              "Environment": "dev",
              "ManagedBy": "Terraform"
            },
            "tags_all": {
              "Environment": "dev",
              "ManagedBy": "Terraform",
              "Project": "3-Tier-App"
            },
            "timeouts": null
          },
          "sensitive_attributes": [],
          "identity_schema_version": 0,
          "identity": {
            "account_id": "016279725091",
            "name": "dev-web-app",
            "region": "eu-west-2"
          },
          "private": "eyJlMmJmYjczMC1lY2FhLTExZTYtOGY4OC0zNDM2M2JjN2M0YzAiOnsiZGVsZXRlIjoxMjAwMDAwMDAwMDAwfX0="
        }
      ]
    },
    {
      "module": "module.ecs",
      "mode": "managed",
      "type": "aws_cloudwatch_log_group",
      "name": "ecs",
      "provider": "provider[\"registry.terraform.io/hashicorp/aws\"]",
      "instances": [
        {
          "schema_version": 0,
          "attributes": {
            "arn": "arn:aws:logs:eu-west-2:016279725091:log-group:/ecs/dev-app",
            "deletion_protection_enabled": false,
            "id": "/ecs/dev-app",
            "kms_key_id": "",
            "log_group_class": "STANDARD",
            "name": "/ecs/dev-app",
            "name_prefix": "",
            "region": "eu-west-2",
            "retention_in_days": 7,
            "skip_destroy": false,
            "tags": {},
            "tags_all": {
              "Environment": "dev",
              "ManagedBy": "Terraform",
              "Project": "3-Tier-App"
            }
          },
          "sensitive_attributes": [],
          "identity_schema_version": 0,
          "identity": {
            "account_id": "016279725091",
            "name": "/ecs/dev-app",
            "region": "eu-west-2"
          },
          "private": "bnVsbA=="
        }
      ]
    },
    {
      "module": "module.ecs",
      "mode": "managed",
      "type": "aws_ecs_cluster",
      "name": "main",
      "provider": "provider[\"registry.terraform.io/hashicorp/aws\"]",
      "instances": [
        {
          "schema_version": 0,
          "attributes": {
            "arn": "arn:aws:ecs:eu-west-2:016279725091:cluster/dev-ecs-cluster",
            "configuration": [],
            "id": "arn:aws:ecs:eu-west-2:016279725091:cluster/dev-ecs-cluster",
            "name": "dev-ecs-cluster",
            "region": "eu-west-2",
            "service_connect_defaults": [],
            "setting": [
              {
                "name": "containerInsights",
                "value": "disabled"
              }
            ],
            "tags": {},
            "tags_all": {
              "Environment": "dev",
              "ManagedBy": "Terraform",
              "Project": "3-Tier-App"
            }
          },
          "sensitive_attributes": [],
          "identity_schema_version": 0,
          "private": "bnVsbA=="
        }
      ]
    },
    {
      "module": "module.ecs",
      "mode": "managed",
      "type": "aws_ecs_service",
      "name": "main",
      "provider": "provider[\"registry.terraform.io/hashicorp/aws\"]",
      "instances": [
        {
          "schema_version": 1,
          "attributes": {
            "alarms": [],
            "arn": "arn:aws:ecs:eu-west-2:016279725091:service/dev-ecs-cluster/dev-service",
            "availability_zone_rebalancing": "ENABLED",
            "capacity_provider_strategy": [],
            "cluster": "arn:aws:ecs:eu-west-2:016279725091:cluster/dev-ecs-cluster",
            "deployment_circuit_breaker": [
              {
                "enable": false,
                "rollback": false
              }
            ],
            "deployment_configuration": [
              {
                "bake_time_in_minutes": "0",
                "canary_configuration": [],
                "lifecycle_hook": [],
                "linear_configuration": [],
                "strategy": "ROLLING"
              }
            ],
            "deployment_controller": [
              {
                "type": "ECS"
              }
            ],
            "deployment_maximum_percent": 200,
            "deployment_minimum_healthy_percent": 100,
            "desired_count": 2,
            "enable_ecs_managed_tags": false,
            "enable_execute_command": false,
            "force_delete": null,
            "force_new_deployment": null,
            "health_check_grace_period_seconds": 0,
            "iam_role": "/aws-service-role/ecs.amazonaws.com/AWSServiceRoleForECS",
            "id": "arn:aws:ecs:eu-west-2:016279725091:service/dev-ecs-cluster/dev-service",
            "launch_type": "FARGATE",
            "load_balancer": [
              {
                "advanced_configuration": [],
                "container_name": "app",
                "container_port": 8080,
                "elb_name": "",
                "target_group_arn": "arn:aws:elasticloadbalancing:eu-west-2:016279725091:targetgroup/dev-tg/d7d101f1fd39aa0a"
              }
            ],
            "name": "dev-service",
            "network_configuration": [
              {
                "assign_public_ip": false,
                "security_groups": [
                  "sg-0df05a78ae68884a0"
                ],
                "subnets": [
                  "subnet-09a2861986c7d774c",
                  "subnet-0e582cd66c0ff5353"
                ]
              }
            ],
            "ordered_placement_strategy": [],
            "placement_constraints": [],
            "platform_version": "LATEST",
            "propagate_tags": "NONE",
            "region": "eu-west-2",
            "scheduling_strategy": "REPLICA",
            "service_connect_configuration": [],
            "service_registries": [],
            "sigint_rollback": null,
            "tags": {},
            "tags_all": {
              "Environment": "dev",
              "ManagedBy": "Terraform",
              "Project": "3-Tier-App"
            },
            "task_definition": "arn:aws:ecs:eu-west-2:016279725091:task-definition/dev-app-task:18",
            "timeouts": null,
            "triggers": {},
            "volume_configuration": [],
            "vpc_lattice_configurations": [],
            "wait_for_steady_state": false
          },
          "sensitive_attributes": [],
          "identity_schema_version": 0,
          "identity": {
            "account_id": "016279725091",
            "cluster": "arn:aws:ecs:eu-west-2:016279725091:cluster/dev-ecs-cluster",
            "name": "dev-service",
            "region": "eu-west-2"
          },
          "private": "eyJlMmJmYjczMC1lY2FhLTExZTYtOGY4OC0zNDM2M2JjN2M0YzAiOnsiY3JlYXRlIjoxMjAwMDAwMDAwMDAwLCJkZWxldGUiOjEyMDAwMDAwMDAwMDAsInVwZGF0ZSI6MTIwMDAwMDAwMDAwMH0sInNjaGVtYV92ZXJzaW9uIjoiMSJ9",
          "dependencies": [
            "aws_iam_role.ecs_execution_role",
            "module.alb.aws_lb_target_group.app",
            "module.alb.aws_security_group.alb",
            "module.ecr.aws_ecr_repository.app",
            "module.ecs.aws_cloudwatch_log_group.ecs",
            "module.ecs.aws_ecs_cluster.main",
            "module.ecs.aws_ecs_task_definition.app",
            "module.ecs.aws_security_group.ecs_tasks",
            "module.rds.aws_secretsmanager_secret.db_credentials",
            "module.vpc.aws_subnet.private",
            "module.vpc.aws_vpc.main"
          ]
        }
      ]
    },
    {
      "module": "module.ecs",
      "mode": "managed",
      "type": "aws_ecs_task_definition",
      "name": "app",
      "provider": "provider[\"registry.terraform.io/hashicorp/aws\"]",
      "instances": [
        {
          "schema_version": 1,
          "attributes": {
            "arn": "arn:aws:ecs:eu-west-2:016279725091:task-definition/dev-app-task:18",
            "arn_without_revision": "arn:aws:ecs:eu-west-2:016279725091:task-definition/dev-app-task",
            "container_definitions": "[{\"environment\":[{\"name\":\"DB_NAME\",\"value\":\"appdb\"},{\"name\":\"DB_PORT\",\"value\":\"5432\"},{\"name\":\"PORT\",\"value\":\"8080\"}],\"essential\":true,\"image\":\"016279725091.dkr.ecr.eu-west-2.amazonaws.com/dev-web-app:latest\",\"logConfiguration\":{\"logDriver\":\"awslogs\",\"options\":{\"awslogs-group\":\"/ecs/dev-app\",\"awslogs-region\":\"eu-west-2\",\"awslogs-stream-prefix\":\"app\"}},\"mountPoints\":[],\"name\":\"app\",\"portMappings\":[{\"containerPort\":8080,\"hostPort\":8080,\"protocol\":\"tcp\"}],\"secrets\":[{\"name\":\"DB_HOST\",\"valueFrom\":\"arn:aws:secretsmanager:eu-west-2:016279725091:secret:dev/rds/credentials-64JGTg:host::\"},{\"name\":\"DB_PASSWORD\",\"valueFrom\":\"arn:aws:secretsmanager:eu-west-2:016279725091:secret:dev/rds/credentials-64JGTg:password::\"},{\"name\":\"DB_USER\",\"valueFrom\":\"arn:aws:secretsmanager:eu-west-2:016279725091:secret:dev/rds/credentials-64JGTg:username::\"}],\"systemControls\":[],\"volumesFrom\":[]}]",
            "cpu": "256",
            "enable_fault_injection": false,
            "ephemeral_storage": [],
            "execution_role_arn": "arn:aws:iam::016279725091:role/dev-ecs-execution-role",
            "family": "dev-app-task",
            "id": "dev-app-task",
            "ipc_mode": "",
            "memory": "512",
            "network_mode": "awsvpc",
            "pid_mode": "",
            "placement_constraints": [],
            "proxy_configuration": [],
            "region": "eu-west-2",
            "requires_compatibilities": [
              "FARGATE"
            ],
            "revision": 18,
            "runtime_platform": [],
            "skip_destroy": false,
            "tags": {},
            "tags_all": {
              "Environment": "dev",
              "ManagedBy": "Terraform",
              "Project": "3-Tier-App"
            },
            "task_role_arn": "",
            "track_latest": false,
            "volume": []
          },
          "sensitive_attributes": [],
          "identity_schema_version": 0,
          "identity": {
            "account_id": "016279725091",
            "family": "dev-app-task",
            "region": "eu-west-2",
            "revision": 18
          },
          "private": "eyJzY2hlbWFfdmVyc2lvbiI6IjEifQ==",
          "dependencies": [
            "aws_iam_role.ecs_execution_role",
            "module.ecr.aws_ecr_repository.app",
            "module.ecs.aws_cloudwatch_log_group.ecs",
            "module.rds.aws_secretsmanager_secret.db_credentials"
          ]
        }
      ]
    },
    {
      "module": "module.ecs",
      "mode": "managed",
      "type": "aws_iam_policy",
      "name": "ecs_secrets",
      "provider": "provider[\"registry.terraform.io/hashicorp/aws\"]",
      "instances": [
        {
          "schema_version": 0,
          "attributes": {
            "arn": "arn:aws:iam::016279725091:policy/dev-ecs-secrets-policy",
            "attachment_count": 1,
            "delay_after_policy_creation_in_ms": null,
            "description": "",
            "id": "arn:aws:iam::016279725091:policy/dev-ecs-secrets-policy",
            "name": "dev-ecs-secrets-policy",
            "name_prefix": "",
            "path": "/",
            "policy": "{\"Statement\":[{\"Action\":[\"secretsmanager:GetSecretValue\"],\"Effect\":\"Allow\",\"Resource\":[\"arn:aws:secretsmanager:eu-west-2:016279725091:secret:dev/rds/credentials-64JGTg\"]}],\"Version\":\"2012-10-17\"}",
            "policy_id": "ANPAQHSSY4QRTNIKUQFX7",
            "tags": {},
            "tags_all": {
              "Environment": "dev",
              "ManagedBy": "Terraform",
              "Project": "3-Tier-App"
            }
          },
          "sensitive_attributes": [],
          "identity_schema_version": 0,
          "identity": {
            "arn": "arn:aws:iam::016279725091:policy/dev-ecs-secrets-policy"
          },
          "private": "bnVsbA==",
          "dependencies": [
            "module.rds.aws_secretsmanager_secret.db_credentials"
          ]
        }
      ]
    },
    {
      "module": "module.ecs",
      "mode": "managed",
      "type": "aws_iam_role_policy_attachment",
      "name": "ecs_secrets_attach",
      "provider": "provider[\"registry.terraform.io/hashicorp/aws\"]",
      "instances": [
        {
          "schema_version": 0,
          "attributes": {
            "id": "dev-ecs-execution-role/arn:aws:iam::016279725091:policy/dev-ecs-secrets-policy",
            "policy_arn": "arn:aws:iam::016279725091:policy/dev-ecs-secrets-policy",
            "role": "dev-ecs-execution-role"
          },
          "sensitive_attributes": [],
          "identity_schema_version": 0,
          "identity": {
            "account_id": "016279725091",
            "policy_arn": "arn:aws:iam::016279725091:policy/dev-ecs-secrets-policy",
            "role": "dev-ecs-execution-role"
          },
          "private": "bnVsbA==",
          "dependencies": [
            "aws_iam_role.ecs_execution_role",
            "module.ecs.aws_iam_policy.ecs_secrets",
            "module.rds.aws_secretsmanager_secret.db_credentials"
          ]
        }
      ]
    },
    {
      "module": "module.ecs",
      "mode": "managed",
      "type": "aws_iam_role_policy_attachment",
      "name": "ecs_task_execution_role_policy",
      "provider": "provider[\"registry.terraform.io/hashicorp/aws\"]",
      "instances": [
        {
          "schema_version": 0,
          "attributes": {
            "id": "dev-ecs-execution-role/arn:aws:iam::aws:policy/service-role/AmazonECSTaskExecutionRolePolicy",
            "policy_arn": "arn:aws:iam::aws:policy/service-role/AmazonECSTaskExecutionRolePolicy",
            "role": "dev-ecs-execution-role"
          },
          "sensitive_attributes": [],
          "identity_schema_version": 0,
          "identity": {
            "account_id": "016279725091",
            "policy_arn": "arn:aws:iam::aws:policy/service-role/AmazonECSTaskExecutionRolePolicy",
            "role": "dev-ecs-execution-role"
          },
          "private": "bnVsbA==",
          "dependencies": [
            "aws_iam_role.ecs_execution_role"
          ]
        }
      ]
    },
    {
      "module": "module.ecs",
      "mode": "managed",
      "type": "aws_security_group",
      "name": "ecs_tasks",
      "provider": "provider[\"registry.terraform.io/hashicorp/aws\"]",
      "instances": [
        {
          "schema_version": 1,
          "attributes": {
            "arn": "arn:aws:ec2:eu-west-2:016279725091:security-group/sg-0df05a78ae68884a0",
            "description": "Allow inbound traffic from ALB only",
            "egress": [
              {
                "cidr_blocks": [
                  "0.0.0.0/0"
                ],
                "description": "",
                "from_port": 0,
                "ipv6_cidr_blocks": [],
                "prefix_list_ids": [],
                "protocol": "-1",
                "security_groups": [],
                "self": false,
                "to_port": 0
              }
            ],
            "id": "sg-0df05a78ae68884a0",
            "ingress": [
              {
                "cidr_blocks": [],
                "description": "",
                "from_port": 8080,
                "ipv6_cidr_blocks": [],
                "prefix_list_ids": [],
                "protocol": "tcp",
                "security_groups": [
                  "sg-06bc380e275d63bbe"
                ],
                "self": false,
                "to_port": 8080
              }
            ],
            "name": "dev-ecs-tasks-sg",
            "name_prefix": "",
            "owner_id": "016279725091",
            "region": "eu-west-2",
            "revoke_rules_on_delete": false,
            "tags": {},
            "tags_all": {
              "Environment": "dev",
              "ManagedBy": "Terraform",
              "Project": "3-Tier-App"
            },
            "timeouts": null,
            "vpc_id": "vpc-0f7509be53e4bb76e"
          },
          "sensitive_attributes": [],
          "identity_schema_version": 0,
          "identity": {
            "account_id": "016279725091",
            "id": "sg-0df05a78ae68884a0",
            "region": "eu-west-2"
          },
          "private": "eyJlMmJmYjczMC1lY2FhLTExZTYtOGY4OC0zNDM2M2JjN2M0YzAiOnsiY3JlYXRlIjo2MDAwMDAwMDAwMDAsImRlbGV0ZSI6OTAwMDAwMDAwMDAwfSwic2NoZW1hX3ZlcnNpb24iOiIxIn0=",
          "dependencies": [
            "module.alb.aws_security_group.alb",
            "module.vpc.aws_vpc.main"
          ]
        }
      ]
    },
    {
      "module": "module.monitoring",
      "mode": "managed",
      "type": "aws_cloudwatch_metric_alarm",
      "name": "alb_5xx_errors",
      "provider": "provider[\"registry.terraform.io/hashicorp/aws\"]",
      "instances": [
        {
          "schema_version": 1,
          "attributes": {
            "actions_enabled": true,
            "alarm_actions": [
              "arn:aws:sns:eu-west-2:016279725091:dev-alerts-topic"
            ],
            "alarm_description": "",
            "alarm_name": "dev-alb-5xx-errors",
            "arn": "arn:aws:cloudwatch:eu-west-2:016279725091:alarm:dev-alb-5xx-errors",
            "comparison_operator": "GreaterThanThreshold",
            "datapoints_to_alarm": 0,
            "dimensions": {
              "LoadBalancer": "app/dev-alb/e847d75657566649"
            },
            "evaluate_low_sample_count_percentiles": "",
            "evaluation_criteria": [],
            "evaluation_interval": 0,
            "evaluation_periods": 1,
            "extended_statistic": "",
            "id": "dev-alb-5xx-errors",
            "insufficient_data_actions": [],
            "metric_name": "HTTPCode_Target_5XX_Count",
            "metric_query": [],
            "namespace": "AWS/ApplicationELB",
            "ok_actions": [],
            "period": 60,
            "region": "eu-west-2",
            "statistic": "Sum",
            "tags": {},
            "tags_all": {
              "Environment": "dev",
              "ManagedBy": "Terraform",
              "Project": "3-Tier-App"
            },
            "threshold": 10,
            "threshold_metric_id": "",
            "treat_missing_data": "missing",
            "unit": ""
          },
          "sensitive_attributes": [],
          "identity_schema_version": 0,
          "identity": {
            "account_id": "016279725091",
            "alarm_name": "dev-alb-5xx-errors",
            "region": "eu-west-2"
          },
          "private": "eyJzY2hlbWFfdmVyc2lvbiI6IjEifQ==",
          "dependencies": [
            "module.alb.aws_lb.main",
            "module.alb.aws_security_group.alb",
            "module.monitoring.aws_sns_topic.alerts",
            "module.vpc.aws_subnet.public",
            "module.vpc.aws_vpc.main"
          ]
        }
      ]
    },
    {
      "module": "module.monitoring",
      "mode": "managed",
      "type": "aws_cloudwatch_metric_alarm",
      "name": "ecs_cpu_high",
      "provider": "provider[\"registry.terraform.io/hashicorp/aws\"]",
      "instances": [
        {
          "schema_version": 1,
          "attributes": {
            "actions_enabled": true,
            "alarm_actions": [
              "arn:aws:sns:eu-west-2:016279725091:dev-alerts-topic"
            ],
            "alarm_description": "",
            "alarm_name": "dev-ecs-cpu-utilization-high",
            "arn": "arn:aws:cloudwatch:eu-west-2:016279725091:alarm:dev-ecs-cpu-utilization-high",
            "comparison_operator": "GreaterThanOrEqualToThreshold",
            "datapoints_to_alarm": 0,
            "dimensions": {
              "ClusterName": "dev-ecs-cluster",
              "ServiceName": "dev-service"
            },
            "evaluate_low_sample_count_percentiles": "",
            "evaluation_criteria": [],
            "evaluation_interval": 0,
            "evaluation_periods": 2,
            "extended_statistic": "",
            "id": "dev-ecs-cpu-utilization-high",
            "insufficient_data_actions": [],
            "metric_name": "CPUUtilization",
            "metric_query": [],
            "namespace": "AWS/ECS",
            "ok_actions": [],
            "period": 60,
            "region": "eu-west-2",
            "statistic": "Average",
            "tags": {},
            "tags_all": {
              "Environment": "dev",
              "ManagedBy": "Terraform",
              "Project": "3-Tier-App"
            },
            "threshold": 80,
            "threshold_metric_id": "",
            "treat_missing_data": "missing",
            "unit": ""
          },
          "sensitive_attributes": [],
          "identity_schema_version": 0,
          "identity": {
            "account_id": "016279725091",
            "alarm_name": "dev-ecs-cpu-utilization-high",
            "region": "eu-west-2"
          },
          "private": "eyJzY2hlbWFfdmVyc2lvbiI6IjEifQ==",
          "dependencies": [
            "aws_iam_role.ecs_execution_role",
            "module.alb.aws_lb_target_group.app",
            "module.alb.aws_security_group.alb",
            "module.ecr.aws_ecr_repository.app",
            "module.ecs.aws_cloudwatch_log_group.ecs",
            "module.ecs.aws_ecs_cluster.main",
            "module.ecs.aws_ecs_service.main",
            "module.ecs.aws_ecs_task_definition.app",
            "module.ecs.aws_security_group.ecs_tasks",
            "module.monitoring.aws_sns_topic.alerts",
            "module.rds.aws_secretsmanager_secret.db_credentials",
            "module.vpc.aws_subnet.private",
            "module.vpc.aws_vpc.main"
          ]
        }
      ]
    },
    {
      "module": "module.monitoring",
      "mode": "managed",
      "type": "aws_cloudwatch_metric_alarm",
      "name": "ecs_memory_high",
      "provider": "provider[\"registry.terraform.io/hashicorp/aws\"]",
      "instances": [
        {
          "schema_version": 1,
          "attributes": {
            "actions_enabled": true,
            "alarm_actions": [
              "arn:aws:sns:eu-west-2:016279725091:dev-alerts-topic"
            ],
            "alarm_description": "",
            "alarm_name": "dev-ecs-memory-utilization-high",
            "arn": "arn:aws:cloudwatch:eu-west-2:016279725091:alarm:dev-ecs-memory-utilization-high",
            "comparison_operator": "GreaterThanOrEqualToThreshold",
            "datapoints_to_alarm": 0,
            "dimensions": {
              "ClusterName": "dev-ecs-cluster",
              "ServiceName": "dev-service"
            },
            "evaluate_low_sample_count_percentiles": "",
            "evaluation_criteria": [],
            "evaluation_interval": 0,
            "evaluation_periods": 2,
            "extended_statistic": "",
            "id": "dev-ecs-memory-utilization-high",
            "insufficient_data_actions": [],
            "metric_name": "MemoryUtilization",
            "metric_query": [],
            "namespace": "AWS/ECS",
            "ok_actions": [],
            "period": 60,
            "region": "eu-west-2",
            "statistic": "Average",
            "tags": {},
            "tags_all": {
              "Environment": "dev",
              "ManagedBy": "Terraform",
              "Project": "3-Tier-App"
            },
            "threshold": 80,
            "threshold_metric_id": "",
            "treat_missing_data": "missing",
            "unit": ""
          },
          "sensitive_attributes": [],
          "identity_schema_version": 0,
          "identity": {
            "account_id": "016279725091",
            "alarm_name": "dev-ecs-memory-utilization-high",
            "region": "eu-west-2"
          },
          "private": "eyJzY2hlbWFfdmVyc2lvbiI6IjEifQ==",
          "dependencies": [
            "aws_iam_role.ecs_execution_role",
            "module.alb.aws_lb_target_group.app",
            "module.alb.aws_security_group.alb",
            "module.ecr.aws_ecr_repository.app",
            "module.ecs.aws_cloudwatch_log_group.ecs",
            "module.ecs.aws_ecs_cluster.main",
            "module.ecs.aws_ecs_service.main",
            "module.ecs.aws_ecs_task_definition.app",
            "module.ecs.aws_security_group.ecs_tasks",
            "module.monitoring.aws_sns_topic.alerts",
            "module.rds.aws_secretsmanager_secret.db_credentials",
            "module.vpc.aws_subnet.private",
            "module.vpc.aws_vpc.main"
          ]
        }
      ]
    },
    {
      "module": "module.monitoring",
      "mode": "managed",
      "type": "aws_sns_topic",
      "name": "alerts",
      "provider": "provider[\"registry.terraform.io/hashicorp/aws\"]",
      "instances": [
        {
          "schema_version": 0,
          "attributes": {
            "application_failure_feedback_role_arn": "",
            "application_success_feedback_role_arn": "",
            "application_success_feedback_sample_rate": 0,
            "archive_policy": "",
            "arn": "arn:aws:sns:eu-west-2:016279725091:dev-alerts-topic",
            "beginning_archive_time": "",
            "content_based_deduplication": false,
            "delivery_policy": "",
            "display_name": "",
            "fifo_throughput_scope": "",
            "fifo_topic": false,
            "firehose_failure_feedback_role_arn": "",
            "firehose_success_feedback_role_arn": "",
            "firehose_success_feedback_sample_rate": 0,
            "http_failure_feedback_role_arn": "",
            "http_success_feedback_role_arn": "",
            "http_success_feedback_sample_rate": 0,
            "id": "arn:aws:sns:eu-west-2:016279725091:dev-alerts-topic",
            "kms_master_key_id": "",
            "lambda_failure_feedback_role_arn": "",
            "lambda_success_feedback_role_arn": "",
            "lambda_success_feedback_sample_rate": 0,
            "name": "dev-alerts-topic",
            "name_prefix": "",
            "owner": "016279725091",
            "policy": "{\"Id\":\"__default_policy_ID\",\"Statement\":[{\"Action\":[\"SNS:GetTopicAttributes\",\"SNS:SetTopicAttributes\",\"SNS:AddPermission\",\"SNS:RemovePermission\",\"SNS:DeleteTopic\",\"SNS:Subscribe\",\"SNS:ListSubscriptionsByTopic\",\"SNS:Publish\"],\"Condition\":{\"StringEquals\":{\"AWS:SourceOwner\":\"016279725091\"}},\"Effect\":\"Allow\",\"Principal\":{\"AWS\":\"*\"},\"Resource\":\"arn:aws:sns:eu-west-2:016279725091:dev-alerts-topic\",\"Sid\":\"__default_statement_ID\"}],\"Version\":\"2008-10-17\"}",
            "region": "eu-west-2",
            "signature_version": 0,
            "sqs_failure_feedback_role_arn": "",
            "sqs_success_feedback_role_arn": "",
            "sqs_success_feedback_sample_rate": 0,
            "tags": {},
            "tags_all": {
              "Environment": "dev",
              "ManagedBy": "Terraform",
              "Project": "3-Tier-App"
            },
            "tracing_config": ""
          },
          "sensitive_attributes": [],
          "identity_schema_version": 0,
          "identity": {
            "arn": "arn:aws:sns:eu-west-2:016279725091:dev-alerts-topic"
          },
          "private": "bnVsbA=="
        }
      ]
    },
    {
      "module": "module.rds",
      "mode": "managed",
      "type": "aws_db_instance",
      "name": "main",
      "provider": "provider[\"registry.terraform.io/hashicorp/aws\"]",
      "instances": [
        {
          "schema_version": 2,
          "attributes": {
            "address": "terraform-5bcb9ac2cd0cbca900cbe480dd.c78i4ycesmly.eu-west-2.rds.amazonaws.com",
            "allocated_storage": 20,
            "allow_major_version_upgrade": null,
            "apply_immediately": false,
            "arn": "arn:aws:rds:eu-west-2:016279725091:db:terraform-5bcb9ac2cd0cbca900cbe480dd",
            "auto_minor_version_upgrade": true,
            "availability_zone": "eu-west-2b",
            "backup_retention_period": 0,
            "backup_target": "region",
            "backup_window": "00:22-00:52",
            "blue_green_update": [],
            "ca_cert_identifier": "rds-ca-rsa2048-g1",
            "character_set_name": "",
            "copy_tags_to_snapshot": false,
            "custom_iam_instance_profile": "",
            "customer_owned_ip_enabled": false,
            "database_insights_mode": "standard",
            "db_name": "appdb",
            "db_subnet_group_name": "dev-db-subnet-group",
            "dedicated_log_volume": false,
            "delete_automated_backups": true,
            "deletion_protection": false,
            "domain": "",
            "domain_auth_secret_arn": "",
            "domain_dns_ips": [],
            "domain_fqdn": "",
            "domain_iam_role_name": "",
            "domain_ou": "",
            "enabled_cloudwatch_logs_exports": [],
            "endpoint": "terraform-5bcb9ac2cd0cbca900cbe480dd.c78i4ycesmly.eu-west-2.rds.amazonaws.com:5432",
            "engine": "postgres",
            "engine_lifecycle_support": "open-source-rds-extended-support",
            "engine_version": "15",
            "engine_version_actual": "15.17",
            "final_snapshot_identifier": null,
            "hosted_zone_id": "Z1TTGA775OQIYO",
            "iam_database_authentication_enabled": false,
            "id": "db-MBRA32Q6BQS6KDIDWWMSENGLDY",
            "identifier": "terraform-5bcb9ac2cd0cbca900cbe480dd",
            "identifier_prefix": "terraform-",
            "instance_class": "db.t4g.micro",
            "iops": 0,
            "kms_key_id": "",
            "latest_restorable_time": "",
            "license_model": "postgresql-license",
            "listener_endpoint": [],
            "maintenance_window": "fri:01:43-fri:02:13",
            "manage_master_user_password": null,
            "master_user_secret": [],
            "master_user_secret_kms_key_id": null,
            "max_allocated_storage": 0,
            "monitoring_interval": 0,
            "monitoring_role_arn": "",
            "multi_az": false,
            "nchar_character_set_name": "",
            "network_type": "IPV4",
            "option_group_name": "default:postgres-15",
            "parameter_group_name": "default.postgres15",
            "password": "D*-Zw}cY\u003ezDX04S]KGZi",
            "password_wo": null,
            "password_wo_version": null,
            "performance_insights_enabled": false,
            "performance_insights_kms_key_id": "",
            "performance_insights_retention_period": 0,
            "port": 5432,
            "publicly_accessible": false,
            "region": "eu-west-2",
            "replica_mode": "",
            "replicas": [],
            "replicate_source_db": "",
            "resource_id": "db-MBRA32Q6BQS6KDIDWWMSENGLDY",
            "restore_to_point_in_time": [],
            "s3_import": [],
            "skip_final_snapshot": true,
            "snapshot_identifier": null,
            "status": "available",
            "storage_encrypted": false,
            "storage_throughput": 0,
            "storage_type": "gp2",
            "tags": {},
            "tags_all": {
              "Environment": "dev",
              "ManagedBy": "Terraform",
              "Project": "3-Tier-App"
            },
            "timeouts": null,
            "timezone": "",
            "upgrade_rollout_order": "second",
            "upgrade_storage_config": null,
            "username": "dbadmin",
            "vpc_security_group_ids": [
              "sg-0ba2585daefc4a389"
            ]
          },
          "sensitive_attributes": [
            [
              {
                "type": "get_attr",
                "value": "password"
              }
            ],
            [
              {
                "type": "get_attr",
                "value": "password_wo"
              }
            ]
          ],
          "identity_schema_version": 0,
          "private": "eyJlMmJmYjczMC1lY2FhLTExZTYtOGY4OC0zNDM2M2JjN2M0YzAiOnsiY3JlYXRlIjozMDAwMDAwMDAwMDAwLCJkZWxldGUiOjM2MDAwMDAwMDAwMDAsInVwZGF0ZSI6NDgwMDAwMDAwMDAwMH0sInNjaGVtYV92ZXJzaW9uIjoiMiJ9",
          "dependencies": [
            "module.alb.aws_security_group.alb",
            "module.ecs.aws_security_group.ecs_tasks",
            "module.rds.aws_db_subnet_group.main",
            "module.rds.aws_security_group.rds",
            "module.rds.random_password.db_password",
            "module.vpc.aws_subnet.database",
            "module.vpc.aws_vpc.main"
          ]
        }
      ]
    },
    {
      "module": "module.rds",
      "mode": "managed",
      "type": "aws_db_subnet_group",
      "name": "main",
      "provider": "provider[\"registry.terraform.io/hashicorp/aws\"]",
      "instances": [
        {
          "schema_version": 0,
          "attributes": {
            "arn": "arn:aws:rds:eu-west-2:016279725091:subgrp:dev-db-subnet-group",
            "description": "Managed by Terraform",
            "id": "dev-db-subnet-group",
            "name": "dev-db-subnet-group",
            "name_prefix": "",
            "region": "eu-west-2",
            "subnet_ids": [
              "subnet-0d94f2d7c7c75b374",
              "subnet-0f5f6d79b8768765a"
            ],
            "supported_network_types": [
              "IPV4"
            ],
            "tags": {},
            "tags_all": {
              "Environment": "dev",
              "ManagedBy": "Terraform",
              "Project": "3-Tier-App"
            },
            "vpc_id": "vpc-0f7509be53e4bb76e"
          },
          "sensitive_attributes": [],
          "identity_schema_version": 0,
          "identity": {
            "account_id": "016279725091",
            "name": "dev-db-subnet-group",
            "region": "eu-west-2"
          },
          "private": "bnVsbA==",
          "dependencies": [
            "module.vpc.aws_subnet.database",
            "module.vpc.aws_vpc.main"
          ]
        }
      ]
    },
    {
      "module": "module.rds",
      "mode": "managed",
      "type": "aws_secretsmanager_secret",
      "name": "db_credentials",
      "provider": "provider[\"registry.terraform.io/hashicorp/aws\"]",
      "instances": [
        {
          "schema_version": 0,
          "attributes": {
            "arn": "arn:aws:secretsmanager:eu-west-2:016279725091:secret:dev/rds/credentials-64JGTg",
            "description": "Database master credentials",
            "force_overwrite_replica_secret": false,
            "id": "arn:aws:secretsmanager:eu-west-2:016279725091:secret:dev/rds/credentials-64JGTg",
            "kms_key_id": "",
            "name": "dev/rds/credentials",
            "name_prefix": "",
            "policy": "",
            "recovery_window_in_days": 0,
            "region": "eu-west-2",
            "replica": [],
            "tags": {},
            "tags_all": {
              "Environment": "dev",
              "ManagedBy": "Terraform",
              "Project": "3-Tier-App"
            },
            "type": ""
          },
          "sensitive_attributes": [],
          "identity_schema_version": 0,
          "identity": {
            "arn": "arn:aws:secretsmanager:eu-west-2:016279725091:secret:dev/rds/credentials-64JGTg"
          },
          "private": "bnVsbA=="
        }
      ]
    },
    {
      "module": "module.rds",
      "mode": "managed",
      "type": "aws_secretsmanager_secret_version",
      "name": "db_credentials_version",
      "provider": "provider[\"registry.terraform.io/hashicorp/aws\"]",
      "instances": [
        {
          "schema_version": 0,
          "attributes": {
            "arn": "arn:aws:secretsmanager:eu-west-2:016279725091:secret:dev/rds/credentials-64JGTg",
            "has_secret_string_wo": null,
            "id": "arn:aws:secretsmanager:eu-west-2:016279725091:secret:dev/rds/credentials-64JGTg|terraform-Vpf1F7uu2xMQt1zc4jI6O4xi8b",
            "region": "eu-west-2",
            "secret_arn": "arn:aws:secretsmanager:eu-west-2:016279725091:secret:dev/rds/credentials-64JGTg",
            "secret_binary": "",
            "secret_id": "arn:aws:secretsmanager:eu-west-2:016279725091:secret:dev/rds/credentials-64JGTg",
            "secret_string": "{\"dbname\":\"appdb\",\"engine\":\"postgres\",\"host\":\"terraform-5bcb9ac2cd0cbca900cbe480dd.c78i4ycesmly.eu-west-2.rds.amazonaws.com\",\"password\":\"D*-Zw}cY\\u003ezDX04S]KGZi\",\"port\":5432,\"username\":\"dbadmin\"}",
            "secret_string_wo": null,
            "secret_string_wo_version": null,
            "version_id": "terraform-Vpf1F7uu2xMQt1zc4jI6O4xi8b",
            "version_stages": [
              "AWSCURRENT"
            ]
          },
          "sensitive_attributes": [
            [
              {
                "type": "get_attr",
                "value": "secret_binary"
              }
            ],
            [
              {
                "type": "get_attr",
                "value": "secret_string"
              }
            ],
            [
              {
                "type": "get_attr",
                "value": "secret_string_wo"
              }
            ]
          ],
          "identity_schema_version": 0,
          "identity": {
            "account_id": "016279725091",
            "region": "eu-west-2",
            "secret_id": "arn:aws:secretsmanager:eu-west-2:016279725091:secret:dev/rds/credentials-64JGTg",
            "version_id": "terraform-Vpf1F7uu2xMQt1zc4jI6O4xi8b"
          },
          "private": "bnVsbA==",
          "dependencies": [
            "module.alb.aws_security_group.alb",
            "module.ecs.aws_security_group.ecs_tasks",
            "module.rds.aws_db_instance.main",
            "module.rds.aws_db_subnet_group.main",
            "module.rds.aws_secretsmanager_secret.db_credentials",
            "module.rds.aws_security_group.rds",
            "module.rds.random_password.db_password",
            "module.vpc.aws_subnet.database",
            "module.vpc.aws_vpc.main"
          ]
        }
      ]
    },
    {
      "module": "module.rds",
      "mode": "managed",
      "type": "aws_security_group",
      "name": "rds",
      "provider": "provider[\"registry.terraform.io/hashicorp/aws\"]",
      "instances": [
        {
          "schema_version": 1,
          "attributes": {
            "arn": "arn:aws:ec2:eu-west-2:016279725091:security-group/sg-0ba2585daefc4a389",
            "description": "Allow inbound traffic from ECS tasks only",
            "egress": [
              {
                "cidr_blocks": [
                  "0.0.0.0/0"
                ],
                "description": "",
                "from_port": 0,
                "ipv6_cidr_blocks": [],
                "prefix_list_ids": [],
                "protocol": "-1",
                "security_groups": [],
                "self": false,
                "to_port": 0
              }
            ],
            "id": "sg-0ba2585daefc4a389",
            "ingress": [
              {
                "cidr_blocks": [],
                "description": "",
                "from_port": 5432,
                "ipv6_cidr_blocks": [],
                "prefix_list_ids": [],
                "protocol": "tcp",
                "security_groups": [
                  "sg-0df05a78ae68884a0"
                ],
                "self": false,
                "to_port": 5432
              }
            ],
            "name": "dev-rds-sg",
            "name_prefix": "",
            "owner_id": "016279725091",
            "region": "eu-west-2",
            "revoke_rules_on_delete": false,
            "tags": {},
            "tags_all": {
              "Environment": "dev",
              "ManagedBy": "Terraform",
              "Project": "3-Tier-App"
            },
            "timeouts": null,
            "vpc_id": "vpc-0f7509be53e4bb76e"
          },
          "sensitive_attributes": [],
          "identity_schema_version": 0,
          "identity": {
            "account_id": "016279725091",
            "id": "sg-0ba2585daefc4a389",
            "region": "eu-west-2"
          },
          "private": "eyJlMmJmYjczMC1lY2FhLTExZTYtOGY4OC0zNDM2M2JjN2M0YzAiOnsiY3JlYXRlIjo2MDAwMDAwMDAwMDAsImRlbGV0ZSI6OTAwMDAwMDAwMDAwfSwic2NoZW1hX3ZlcnNpb24iOiIxIn0=",
          "dependencies": [
            "module.alb.aws_security_group.alb",
            "module.ecs.aws_security_group.ecs_tasks",
            "module.vpc.aws_vpc.main"
          ]
        }
      ]
    },
    {
      "module": "module.rds",
      "mode": "managed",
      "type": "random_password",
      "name": "db_password",
      "provider": "provider[\"registry.terraform.io/hashicorp/random\"]",
      "instances": [
        {
          "schema_version": 3,
          "attributes": {
            "bcrypt_hash": "$2a$10$P5kG6ZJHFmB45.kBEUiowePtUbmukxkLrePtvH33o8TqYj6J1BQeS",
            "id": "none",
            "keepers": null,
            "length": 20,
            "lower": true,
            "min_lower": 0,
            "min_numeric": 0,
            "min_special": 0,
            "min_upper": 0,
            "number": true,
            "numeric": true,
            "override_special": "!#$%\u0026*()-_=+[]{}\u003c\u003e:?",
            "result": "D*-Zw}cY\u003ezDX04S]KGZi",
            "special": true,
            "upper": true
          },
          "sensitive_attributes": [
            [
              {
                "type": "get_attr",
                "value": "bcrypt_hash"
              }
            ],
            [
              {
                "type": "get_attr",
                "value": "result"
              }
            ]
          ],
          "identity_schema_version": 0
        }
      ]
    },
    {
      "module": "module.self_healing",
      "mode": "data",
      "type": "archive_file",
      "name": "self_healing_lambda",
      "provider": "provider[\"registry.terraform.io/hashicorp/archive\"]",
      "instances": [
        {
          "schema_version": 0,
          "attributes": {
            "exclude_symlink_directories": null,
            "excludes": null,
            "id": "326c09c5443117792b73b52535936b987fcaed5e",
            "output_base64sha256": "RHNJQZ4cVtKUgD9IFb2DD/R9Q568S62nAlOFGbmRZtM=",
            "output_base64sha512": "hZMYaepHB6jOkX1w6Q3nQ8fVfbo7fa96nYaJzIdR30KshH4wuN25CMhfcFU3dpgtQLzb0xmAp8l319iPyYNmlA==",
            "output_file_mode": null,
            "output_md5": "219b6033e8004a4c1f90069ca8411e06",
            "output_path": "../../modules/self-healing/lambda/self_healing.zip",
            "output_sha": "326c09c5443117792b73b52535936b987fcaed5e",
            "output_sha256": "447349419e1c56d294803f4815bd830ff47d439ebc4bada702538519b99166d3",
            "output_sha512": "85931869ea4707a8ce917d70e90de743c7d57dba3b7daf7a9d8689cc8751df42ac847e30b8ddb908c85f70553776982d40bcdbd31980a7c977d7d88fc9836694",
            "output_size": 3949,
            "source": [],
            "source_content": null,
            "source_content_filename": null,
            "source_dir": null,
            "source_file": "../../modules/self-healing/lambda/self_healing.py",
            "type": "zip"
          },
          "sensitive_attributes": [],
          "identity_schema_version": 0
        }
      ]
    },
    {
      "module": "module.self_healing",
      "mode": "managed",
      "type": "aws_cloudwatch_event_rule",
      "name": "alb_5xx_alarm",
      "provider": "provider[\"registry.terraform.io/hashicorp/aws\"]",
      "instances": [
        {
          "schema_version": 1,
          "attributes": {
            "arn": "arn:aws:events:eu-west-2:016279725091:rule/dev-alb-5xx-alarm",
            "description": "",
            "event_bus_name": "default",
            "event_pattern": "{\"detail\":{\"alarmName\":[\"dev-alb-5xx-errors\"],\"state\":{\"value\":[\"ALARM\"]}},\"detail-type\":[\"CloudWatch Alarm State Change\"],\"source\":[\"aws.cloudwatch\"]}",
            "force_destroy": false,
            "id": "dev-alb-5xx-alarm",
            "is_enabled": true,
            "name": "dev-alb-5xx-alarm",
            "name_prefix": "",
            "region": "eu-west-2",
            "role_arn": "",
            "schedule_expression": "",
            "state": "ENABLED",
            "tags": {},
            "tags_all": {
              "Environment": "dev",
              "ManagedBy": "Terraform",
              "Project": "3-Tier-App"
            }
          },
          "sensitive_attributes": [],
          "identity_schema_version": 0,
          "identity": {
            "account_id": "016279725091",
            "name": "dev-alb-5xx-alarm",
            "region": "eu-west-2"
          },
          "private": "eyJzY2hlbWFfdmVyc2lvbiI6IjEifQ=="
        }
      ]
    },
    {
      "module": "module.self_healing",
      "mode": "managed",
      "type": "aws_cloudwatch_event_rule",
      "name": "alb_5xx_recovery",
      "provider": "provider[\"registry.terraform.io/hashicorp/aws\"]",
      "instances": [
        {
          "schema_version": 1,
          "attributes": {
            "arn": "arn:aws:events:eu-west-2:016279725091:rule/dev-alb-5xx-recovery",
            "description": "",
            "event_bus_name": "default",
            "event_pattern": "{\"detail\":{\"alarmName\":[\"dev-alb-5xx-errors\"],\"state\":{\"value\":[\"OK\"]}},\"detail-type\":[\"CloudWatch Alarm State Change\"],\"source\":[\"aws.cloudwatch\"]}",
            "force_destroy": false,
            "id": "dev-alb-5xx-recovery",
            "is_enabled": true,
            "name": "dev-alb-5xx-recovery",
            "name_prefix": "",
            "region": "eu-west-2",
            "role_arn": "",
            "schedule_expression": "",
            "state": "ENABLED",
            "tags": {},
            "tags_all": {
              "Environment": "dev",
              "ManagedBy": "Terraform",
              "Project": "3-Tier-App"
            }
          },
          "sensitive_attributes": [],
          "identity_schema_version": 0,
          "identity": {
            "account_id": "016279725091",
            "name": "dev-alb-5xx-recovery",
            "region": "eu-west-2"
          },
          "private": "eyJzY2hlbWFfdmVyc2lvbiI6IjEifQ=="
        }
      ]
    },
    {
      "module": "module.self_healing",
      "mode": "managed",
      "type": "aws_cloudwatch_event_rule",
      "name": "cpu_alarm",
      "provider": "provider[\"registry.terraform.io/hashicorp/aws\"]",
      "instances": [
        {
          "schema_version": 1,
          "attributes": {
            "arn": "arn:aws:events:eu-west-2:016279725091:rule/dev-cpu-alarm",
            "description": "",
            "event_bus_name": "default",
            "event_pattern": "{\"detail\":{\"alarmName\":[\"dev-ecs-cpu-utilization-high\"],\"state\":{\"value\":[\"ALARM\"]}},\"detail-type\":[\"CloudWatch Alarm State Change\"],\"source\":[\"aws.cloudwatch\"]}",
            "force_destroy": false,
            "id": "dev-cpu-alarm",
            "is_enabled": true,
            "name": "dev-cpu-alarm",
            "name_prefix": "",
            "region": "eu-west-2",
            "role_arn": "",
            "schedule_expression": "",
            "state": "ENABLED",
            "tags": {},
            "tags_all": {
              "Environment": "dev",
              "ManagedBy": "Terraform",
              "Project": "3-Tier-App"
            }
          },
          "sensitive_attributes": [],
          "identity_schema_version": 0,
          "identity": {
            "account_id": "016279725091",
            "name": "dev-cpu-alarm",
            "region": "eu-west-2"
          },
          "private": "eyJzY2hlbWFfdmVyc2lvbiI6IjEifQ=="
        }
      ]
    },
    {
      "module": "module.self_healing",
      "mode": "managed",
      "type": "aws_cloudwatch_event_rule",
      "name": "cpu_recovery",
      "provider": "provider[\"registry.terraform.io/hashicorp/aws\"]",
      "instances": [
        {
          "schema_version": 1,
          "attributes": {
            "arn": "arn:aws:events:eu-west-2:016279725091:rule/dev-cpu-recovery",
            "description": "",
            "event_bus_name": "default",
            "event_pattern": "{\"detail\":{\"alarmName\":[\"dev-ecs-cpu-utilization-high\"],\"state\":{\"value\":[\"OK\"]}},\"detail-type\":[\"CloudWatch Alarm State Change\"],\"source\":[\"aws.cloudwatch\"]}",
            "force_destroy": false,
            "id": "dev-cpu-recovery",
            "is_enabled": true,
            "name": "dev-cpu-recovery",
            "name_prefix": "",
            "region": "eu-west-2",
            "role_arn": "",
            "schedule_expression": "",
            "state": "ENABLED",
            "tags": {},
            "tags_all": {
              "Environment": "dev",
              "ManagedBy": "Terraform",
              "Project": "3-Tier-App"
            }
          },
          "sensitive_attributes": [],
          "identity_schema_version": 0,
          "identity": {
            "account_id": "016279725091",
            "name": "dev-cpu-recovery",
            "region": "eu-west-2"
          },
          "private": "eyJzY2hlbWFfdmVyc2lvbiI6IjEifQ=="
        }
      ]
    },
    {
      "module": "module.self_healing",
      "mode": "managed",
      "type": "aws_cloudwatch_event_rule",
      "name": "memory_alarm",
      "provider": "provider[\"registry.terraform.io/hashicorp/aws\"]",
      "instances": [
        {
          "schema_version": 1,
          "attributes": {
            "arn": "arn:aws:events:eu-west-2:016279725091:rule/dev-memory-alarm",
            "description": "",
            "event_bus_name": "default",
            "event_pattern": "{\"detail\":{\"alarmName\":[\"dev-ecs-memory-utilization-high\"],\"state\":{\"value\":[\"ALARM\"]}},\"detail-type\":[\"CloudWatch Alarm State Change\"],\"source\":[\"aws.cloudwatch\"]}",
            "force_destroy": false,
            "id": "dev-memory-alarm",
            "is_enabled": true,
            "name": "dev-memory-alarm",
            "name_prefix": "",
            "region": "eu-west-2",
            "role_arn": "",
            "schedule_expression": "",
            "state": "ENABLED",
            "tags": {},
            "tags_all": {
              "Environment": "dev",
              "ManagedBy": "Terraform",
              "Project": "3-Tier-App"
            }
          },
          "sensitive_attributes": [],
          "identity_schema_version": 0,
          "identity": {
            "account_id": "016279725091",
            "name": "dev-memory-alarm",
            "region": "eu-west-2"
          },
          "private": "eyJzY2hlbWFfdmVyc2lvbiI6IjEifQ=="
        }
      ]
    },
    {
      "module": "module.self_healing",
      "mode": "managed",
      "type": "aws_cloudwatch_event_rule",
      "name": "memory_recovery",
      "provider": "provider[\"registry.terraform.io/hashicorp/aws\"]",
      "instances": [
        {
          "schema_version": 1,
          "attributes": {
            "arn": "arn:aws:events:eu-west-2:016279725091:rule/dev-memory-recovery",
            "description": "",
            "event_bus_name": "default",
            "event_pattern": "{\"detail\":{\"alarmName\":[\"dev-ecs-memory-utilization-high\"],\"state\":{\"value\":[\"OK\"]}},\"detail-type\":[\"CloudWatch Alarm State Change\"],\"source\":[\"aws.cloudwatch\"]}",
            "force_destroy": false,
            "id": "dev-memory-recovery",
            "is_enabled": true,
            "name": "dev-memory-recovery",
            "name_prefix": "",
            "region": "eu-west-2",
            "role_arn": "",
            "schedule_expression": "",
            "state": "ENABLED",
            "tags": {},
            "tags_all": {
              "Environment": "dev",
              "ManagedBy": "Terraform",
              "Project": "3-Tier-App"
            }
          },
          "sensitive_attributes": [],
          "identity_schema_version": 0,
          "identity": {
            "account_id": "016279725091",
            "name": "dev-memory-recovery",
            "region": "eu-west-2"
          },
          "private": "eyJzY2hlbWFfdmVyc2lvbiI6IjEifQ=="
        }
      ]
    },
    {
      "module": "module.self_healing",
      "mode": "managed",
      "type": "aws_cloudwatch_event_target",
      "name": "alb_5xx_alarm",
      "provider": "provider[\"registry.terraform.io/hashicorp/aws\"]",
      "instances": [
        {
          "schema_version": 1,
          "attributes": {
            "appsync_target": [],
            "arn": "arn:aws:lambda:eu-west-2:016279725091:function:dev-self-healing-controller",
            "batch_target": [],
            "dead_letter_config": [],
            "ecs_target": [],
            "event_bus_name": "default",
            "force_destroy": false,
            "http_target": [],
            "id": "dev-alb-5xx-alarm-terraform-OgJ9FjwU3lfDfXG1sxMJTKpC7P",
            "input": "",
            "input_path": "",
            "input_transformer": [],
            "kinesis_target": [],
            "redshift_target": [],
            "region": "eu-west-2",
            "retry_policy": [],
            "role_arn": "",
            "rule": "dev-alb-5xx-alarm",
            "run_command_targets": [],
            "sagemaker_pipeline_target": [],
            "sqs_target": [],
            "target_id": "terraform-OgJ9FjwU3lfDfXG1sxMJTKpC7P"
          },
          "sensitive_attributes": [],
          "identity_schema_version": 0,
          "identity": {
            "account_id": "016279725091",
            "event_bus_name": "default",
            "region": "eu-west-2",
            "rule": "dev-alb-5xx-alarm",
            "target_id": "terraform-OgJ9FjwU3lfDfXG1sxMJTKpC7P"
          },
          "private": "eyJzY2hlbWFfdmVyc2lvbiI6IjEifQ==",
          "dependencies": [
            "aws_iam_role.ecs_execution_role",
            "module.alb.aws_lb_target_group.app",
            "module.alb.aws_security_group.alb",
            "module.ecr.aws_ecr_repository.app",
            "module.ecs.aws_cloudwatch_log_group.ecs",
            "module.ecs.aws_ecs_cluster.main",
            "module.ecs.aws_ecs_service.main",
            "module.ecs.aws_ecs_task_definition.app",
            "module.ecs.aws_security_group.ecs_tasks",
            "module.rds.aws_secretsmanager_secret.db_credentials",
            "module.self_healing.aws_cloudwatch_event_rule.alb_5xx_alarm",
            "module.self_healing.aws_cloudwatch_log_group.self_healing",
            "module.self_healing.aws_iam_role.scheduler_execution",
            "module.self_healing.aws_iam_role.self_healing",
            "module.self_healing.aws_lambda_function.self_healing",
            "module.self_healing.data.archive_file.self_healing_lambda",
            "module.vpc.aws_subnet.private",
            "module.vpc.aws_vpc.main"
          ]
        }
      ]
    },
    {
      "module": "module.self_healing",
      "mode": "managed",
      "type": "aws_cloudwatch_event_target",
      "name": "alb_5xx_recovery",
      "provider": "provider[\"registry.terraform.io/hashicorp/aws\"]",
      "instances": [
        {
          "schema_version": 1,
          "attributes": {
            "appsync_target": [],
            "arn": "arn:aws:lambda:eu-west-2:016279725091:function:dev-self-healing-controller",
            "batch_target": [],
            "dead_letter_config": [],
            "ecs_target": [],
            "event_bus_name": "default",
            "force_destroy": false,
            "http_target": [],
            "id": "dev-alb-5xx-recovery-terraform-lTeWprx4x5u3YB63dGng8HFfX3",
            "input": "",
            "input_path": "",
            "input_transformer": [],
            "kinesis_target": [],
            "redshift_target": [],
            "region": "eu-west-2",
            "retry_policy": [],
            "role_arn": "",
            "rule": "dev-alb-5xx-recovery",
            "run_command_targets": [],
            "sagemaker_pipeline_target": [],
            "sqs_target": [],
            "target_id": "terraform-lTeWprx4x5u3YB63dGng8HFfX3"
          },
          "sensitive_attributes": [],
          "identity_schema_version": 0,
          "identity": {
            "account_id": "016279725091",
            "event_bus_name": "default",
            "region": "eu-west-2",
            "rule": "dev-alb-5xx-recovery",
            "target_id": "terraform-lTeWprx4x5u3YB63dGng8HFfX3"
          },
          "private": "eyJzY2hlbWFfdmVyc2lvbiI6IjEifQ==",
          "dependencies": [
            "aws_iam_role.ecs_execution_role",
            "module.alb.aws_lb_target_group.app",
            "module.alb.aws_security_group.alb",
            "module.ecr.aws_ecr_repository.app",
            "module.ecs.aws_cloudwatch_log_group.ecs",
            "module.ecs.aws_ecs_cluster.main",
            "module.ecs.aws_ecs_service.main",
            "module.ecs.aws_ecs_task_definition.app",
            "module.ecs.aws_security_group.ecs_tasks",
            "module.rds.aws_secretsmanager_secret.db_credentials",
            "module.self_healing.aws_cloudwatch_event_rule.alb_5xx_recovery",
            "module.self_healing.aws_cloudwatch_log_group.self_healing",
            "module.self_healing.aws_iam_role.scheduler_execution",
            "module.self_healing.aws_iam_role.self_healing",
            "module.self_healing.aws_lambda_function.self_healing",
            "module.self_healing.data.archive_file.self_healing_lambda",
            "module.vpc.aws_subnet.private",
            "module.vpc.aws_vpc.main"
          ]
        }
      ]
    },
    {
      "module": "module.self_healing",
      "mode": "managed",
      "type": "aws_cloudwatch_event_target",
      "name": "cpu_alarm",
      "provider": "provider[\"registry.terraform.io/hashicorp/aws\"]",
      "instances": [
        {
          "schema_version": 1,
          "attributes": {
            "appsync_target": [],
            "arn": "arn:aws:lambda:eu-west-2:016279725091:function:dev-self-healing-controller",
            "batch_target": [],
            "dead_letter_config": [],
            "ecs_target": [],
            "event_bus_name": "default",
            "force_destroy": false,
            "http_target": [],
            "id": "dev-cpu-alarm-terraform-EuF3wHh89MOy5h6nJc7AhhcQrt",
            "input": "",
            "input_path": "",
            "input_transformer": [],
            "kinesis_target": [],
            "redshift_target": [],
            "region": "eu-west-2",
            "retry_policy": [],
            "role_arn": "",
            "rule": "dev-cpu-alarm",
            "run_command_targets": [],
            "sagemaker_pipeline_target": [],
            "sqs_target": [],
            "target_id": "terraform-EuF3wHh89MOy5h6nJc7AhhcQrt"
          },
          "sensitive_attributes": [],
          "identity_schema_version": 0,
          "identity": {
            "account_id": "016279725091",
            "event_bus_name": "default",
            "region": "eu-west-2",
            "rule": "dev-cpu-alarm",
            "target_id": "terraform-EuF3wHh89MOy5h6nJc7AhhcQrt"
          },
          "private": "eyJzY2hlbWFfdmVyc2lvbiI6IjEifQ==",
          "dependencies": [
            "aws_iam_role.ecs_execution_role",
            "module.alb.aws_lb_target_group.app",
            "module.alb.aws_security_group.alb",
            "module.ecr.aws_ecr_repository.app",
            "module.ecs.aws_cloudwatch_log_group.ecs",
            "module.ecs.aws_ecs_cluster.main",
            "module.ecs.aws_ecs_service.main",
            "module.ecs.aws_ecs_task_definition.app",
            "module.ecs.aws_security_group.ecs_tasks",
            "module.rds.aws_secretsmanager_secret.db_credentials",
            "module.self_healing.aws_cloudwatch_event_rule.cpu_alarm",
            "module.self_healing.aws_cloudwatch_log_group.self_healing",
            "module.self_healing.aws_iam_role.scheduler_execution",
            "module.self_healing.aws_iam_role.self_healing",
            "module.self_healing.aws_lambda_function.self_healing",
            "module.self_healing.data.archive_file.self_healing_lambda",
            "module.vpc.aws_subnet.private",
            "module.vpc.aws_vpc.main"
          ]
        }
      ]
    },
    {
      "module": "module.self_healing",
      "mode": "managed",
      "type": "aws_cloudwatch_event_target",
      "name": "cpu_recovery",
      "provider": "provider[\"registry.terraform.io/hashicorp/aws\"]",
      "instances": [
        {
          "schema_version": 1,
          "attributes": {
            "appsync_target": [],
            "arn": "arn:aws:lambda:eu-west-2:016279725091:function:dev-self-healing-controller",
            "batch_target": [],
            "dead_letter_config": [],
            "ecs_target": [],
            "event_bus_name": "default",
            "force_destroy": false,
            "http_target": [],
            "id": "dev-cpu-recovery-terraform-l0cJ4YamiLBr7UrTJSgkwIKNkG",
            "input": "",
            "input_path": "",
            "input_transformer": [],
            "kinesis_target": [],
            "redshift_target": [],
            "region": "eu-west-2",
            "retry_policy": [],
            "role_arn": "",
            "rule": "dev-cpu-recovery",
            "run_command_targets": [],
            "sagemaker_pipeline_target": [],
            "sqs_target": [],
            "target_id": "terraform-l0cJ4YamiLBr7UrTJSgkwIKNkG"
          },
          "sensitive_attributes": [],
          "identity_schema_version": 0,
          "identity": {
            "account_id": "016279725091",
            "event_bus_name": "default",
            "region": "eu-west-2",
            "rule": "dev-cpu-recovery",
            "target_id": "terraform-l0cJ4YamiLBr7UrTJSgkwIKNkG"
          },
          "private": "eyJzY2hlbWFfdmVyc2lvbiI6IjEifQ==",
          "dependencies": [
            "aws_iam_role.ecs_execution_role",
            "module.alb.aws_lb_target_group.app",
            "module.alb.aws_security_group.alb",
            "module.ecr.aws_ecr_repository.app",
            "module.ecs.aws_cloudwatch_log_group.ecs",
            "module.ecs.aws_ecs_cluster.main",
            "module.ecs.aws_ecs_service.main",
            "module.ecs.aws_ecs_task_definition.app",
            "module.ecs.aws_security_group.ecs_tasks",
            "module.rds.aws_secretsmanager_secret.db_credentials",
            "module.self_healing.aws_cloudwatch_event_rule.cpu_recovery",
            "module.self_healing.aws_cloudwatch_log_group.self_healing",
            "module.self_healing.aws_iam_role.scheduler_execution",
            "module.self_healing.aws_iam_role.self_healing",
            "module.self_healing.aws_lambda_function.self_healing",
            "module.self_healing.data.archive_file.self_healing_lambda",
            "module.vpc.aws_subnet.private",
            "module.vpc.aws_vpc.main"
          ]
        }
      ]
    },
    {
      "module": "module.self_healing",
      "mode": "managed",
      "type": "aws_cloudwatch_event_target",
      "name": "memory_alarm",
      "provider": "provider[\"registry.terraform.io/hashicorp/aws\"]",
      "instances": [
        {
          "schema_version": 1,
          "attributes": {
            "appsync_target": [],
            "arn": "arn:aws:lambda:eu-west-2:016279725091:function:dev-self-healing-controller",
            "batch_target": [],
            "dead_letter_config": [],
            "ecs_target": [],
            "event_bus_name": "default",
            "force_destroy": false,
            "http_target": [],
            "id": "dev-memory-alarm-terraform-9jDodOxf7nEm0P234i1lrlMTbs",
            "input": "",
            "input_path": "",
            "input_transformer": [],
            "kinesis_target": [],
            "redshift_target": [],
            "region": "eu-west-2",
            "retry_policy": [],
            "role_arn": "",
            "rule": "dev-memory-alarm",
            "run_command_targets": [],
            "sagemaker_pipeline_target": [],
            "sqs_target": [],
            "target_id": "terraform-9jDodOxf7nEm0P234i1lrlMTbs"
          },
          "sensitive_attributes": [],
          "identity_schema_version": 0,
          "identity": {
            "account_id": "016279725091",
            "event_bus_name": "default",
            "region": "eu-west-2",
            "rule": "dev-memory-alarm",
            "target_id": "terraform-9jDodOxf7nEm0P234i1lrlMTbs"
          },
          "private": "eyJzY2hlbWFfdmVyc2lvbiI6IjEifQ==",
          "dependencies": [
            "aws_iam_role.ecs_execution_role",
            "module.alb.aws_lb_target_group.app",
            "module.alb.aws_security_group.alb",
            "module.ecr.aws_ecr_repository.app",
            "module.ecs.aws_cloudwatch_log_group.ecs",
            "module.ecs.aws_ecs_cluster.main",
            "module.ecs.aws_ecs_service.main",
            "module.ecs.aws_ecs_task_definition.app",
            "module.ecs.aws_security_group.ecs_tasks",
            "module.rds.aws_secretsmanager_secret.db_credentials",
            "module.self_healing.aws_cloudwatch_event_rule.memory_alarm",
            "module.self_healing.aws_cloudwatch_log_group.self_healing",
            "module.self_healing.aws_iam_role.scheduler_execution",
            "module.self_healing.aws_iam_role.self_healing",
            "module.self_healing.aws_lambda_function.self_healing",
            "module.self_healing.data.archive_file.self_healing_lambda",
            "module.vpc.aws_subnet.private",
            "module.vpc.aws_vpc.main"
          ]
        }
      ]
    },
    {
      "module": "module.self_healing",
      "mode": "managed",
      "type": "aws_cloudwatch_event_target",
      "name": "memory_recovery",
      "provider": "provider[\"registry.terraform.io/hashicorp/aws\"]",
      "instances": [
        {
          "schema_version": 1,
          "attributes": {
            "appsync_target": [],
            "arn": "arn:aws:lambda:eu-west-2:016279725091:function:dev-self-healing-controller",
            "batch_target": [],
            "dead_letter_config": [],
            "ecs_target": [],
            "event_bus_name": "default",
            "force_destroy": false,
            "http_target": [],
            "id": "dev-memory-recovery-terraform-8mK6ssI13VsfD3EXeRssiNc2gX",
            "input": "",
            "input_path": "",
            "input_transformer": [],
            "kinesis_target": [],
            "redshift_target": [],
            "region": "eu-west-2",
            "retry_policy": [],
            "role_arn": "",
            "rule": "dev-memory-recovery",
            "run_command_targets": [],
            "sagemaker_pipeline_target": [],
            "sqs_target": [],
            "target_id": "terraform-8mK6ssI13VsfD3EXeRssiNc2gX"
          },
          "sensitive_attributes": [],
          "identity_schema_version": 0,
          "identity": {
            "account_id": "016279725091",
            "event_bus_name": "default",
            "region": "eu-west-2",
            "rule": "dev-memory-recovery",
            "target_id": "terraform-8mK6ssI13VsfD3EXeRssiNc2gX"
          },
          "private": "eyJzY2hlbWFfdmVyc2lvbiI6IjEifQ==",
          "dependencies": [
            "aws_iam_role.ecs_execution_role",
            "module.alb.aws_lb_target_group.app",
            "module.alb.aws_security_group.alb",
            "module.ecr.aws_ecr_repository.app",
            "module.ecs.aws_cloudwatch_log_group.ecs",
            "module.ecs.aws_ecs_cluster.main",
            "module.ecs.aws_ecs_service.main",
            "module.ecs.aws_ecs_task_definition.app",
            "module.ecs.aws_security_group.ecs_tasks",
            "module.rds.aws_secretsmanager_secret.db_credentials",
            "module.self_healing.aws_cloudwatch_event_rule.memory_recovery",
            "module.self_healing.aws_cloudwatch_log_group.self_healing",
            "module.self_healing.aws_iam_role.scheduler_execution",
            "module.self_healing.aws_iam_role.self_healing",
            "module.self_healing.aws_lambda_function.self_healing",
            "module.self_healing.data.archive_file.self_healing_lambda",
            "module.vpc.aws_subnet.private",
            "module.vpc.aws_vpc.main"
          ]
        }
      ]
    },
    {
      "module": "module.self_healing",
      "mode": "managed",
      "type": "aws_cloudwatch_log_group",
      "name": "self_healing",
      "provider": "provider[\"registry.terraform.io/hashicorp/aws\"]",
      "instances": [
        {
          "schema_version": 0,
          "attributes": {
            "arn": "arn:aws:logs:eu-west-2:016279725091:log-group:/aws/lambda/dev-self-healing-controller",
            "deletion_protection_enabled": false,
            "id": "/aws/lambda/dev-self-healing-controller",
            "kms_key_id": "",
            "log_group_class": "STANDARD",
            "name": "/aws/lambda/dev-self-healing-controller",
            "name_prefix": "",
            "region": "eu-west-2",
            "retention_in_days": 14,
            "skip_destroy": false,
            "tags": {},
            "tags_all": {
              "Environment": "dev",
              "ManagedBy": "Terraform",
              "Project": "3-Tier-App"
            }
          },
          "sensitive_attributes": [],
          "identity_schema_version": 0,
          "identity": {
            "account_id": "016279725091",
            "name": "/aws/lambda/dev-self-healing-controller",
            "region": "eu-west-2"
          },
          "private": "bnVsbA=="
        }
      ]
    },
    {
      "module": "module.self_healing",
      "mode": "managed",
      "type": "aws_iam_role",
      "name": "scheduler_execution",
      "provider": "provider[\"registry.terraform.io/hashicorp/aws\"]",
      "instances": [
        {
          "schema_version": 0,
          "attributes": {
            "arn": "arn:aws:iam::016279725091:role/dev-self-healing-scheduler-role",
            "assume_role_policy": "{\"Statement\":[{\"Action\":\"sts:AssumeRole\",\"Effect\":\"Allow\",\"Principal\":{\"Service\":\"scheduler.amazonaws.com\"}}],\"Version\":\"2012-10-17\"}",
            "create_date": "2026-09-08T17:07:27Z",
            "description": "",
            "force_detach_policies": false,
            "id": "dev-self-healing-scheduler-role",
            "inline_policy": [],
            "managed_policy_arns": [],
            "max_session_duration": 3600,
            "name": "dev-self-healing-scheduler-role",
            "name_prefix": "",
            "path": "/",
            "permissions_boundary": "",
            "tags": {
              "Environment": "dev",
              "Name": "dev-self-healing-scheduler-role"
            },
            "tags_all": {
              "Environment": "dev",
              "ManagedBy": "Terraform",
              "Name": "dev-self-healing-scheduler-role",
              "Project": "3-Tier-App"
            },
            "unique_id": "AROAQHSSY4QRTGEEMBIMU"
          },
          "sensitive_attributes": [],
          "identity_schema_version": 0,
          "identity": {
            "account_id": "016279725091",
            "name": "dev-self-healing-scheduler-role"
          },
          "private": "bnVsbA=="
        }
      ]
    },
    {
      "module": "module.self_healing",
      "mode": "managed",
      "type": "aws_iam_role",
      "name": "self_healing",
      "provider": "provider[\"registry.terraform.io/hashicorp/aws\"]",
      "instances": [
        {
          "schema_version": 0,
          "attributes": {
            "arn": "arn:aws:iam::016279725091:role/dev-self-healing-lambda-role",
            "assume_role_policy": "{\"Statement\":[{\"Action\":\"sts:AssumeRole\",\"Effect\":\"Allow\",\"Principal\":{\"Service\":\"lambda.amazonaws.com\"}}],\"Version\":\"2012-10-17\"}",
            "create_date": "2026-09-08T17:07:27Z",
            "description": "",
            "force_detach_policies": false,
            "id": "dev-self-healing-lambda-role",
            "inline_policy": [
              {
                "name": "dev-self-healing-lambda-policy",
                "policy": "{\"Version\":\"2012-10-17\",\"Statement\":[{\"Action\":[\"ecs:DescribeServices\",\"ecs:DescribeTasks\",\"ecs:ListTasks\",\"ecs:UpdateService\",\"ecs:StopTask\"],\"Effect\":\"Allow\",\"Resource\":\"*\"},{\"Action\":[\"logs:CreateLogGroup\",\"logs:CreateLogStream\",\"logs:PutLogEvents\"],\"Effect\":\"Allow\",\"Resource\":\"*\"}]}"
              },
              {
                "name": "dev-self-healing-policy",
                "policy": "{\"Version\":\"2012-10-17\",\"Statement\":[{\"Action\":[\"ecs:DescribeServices\",\"ecs:DescribeTasks\",\"ecs:ListTasks\",\"ecs:UpdateService\",\"ecs:StopTask\"],\"Effect\":\"Allow\",\"Resource\":\"*\"},{\"Action\":[\"elasticloadbalancing:DescribeTargetHealth\"],\"Effect\":\"Allow\",\"Resource\":\"*\"},{\"Action\":[\"cloudwatch:DescribeAlarms\"],\"Effect\":\"Allow\",\"Resource\":\"*\"},{\"Action\":[\"scheduler:CreateSchedule\"],\"Effect\":\"Allow\",\"Resource\":\"*\"},{\"Action\":[\"iam:PassRole\"],\"Effect\":\"Allow\",\"Resource\":\"arn:aws:iam::016279725091:role/dev-self-healing-scheduler-role\"},{\"Action\":[\"logs:CreateLogGroup\",\"logs:CreateLogStream\",\"logs:PutLogEvents\"],\"Effect\":\"Allow\",\"Resource\":\"*\"}]}"
              }
            ],
            "managed_policy_arns": [],
            "max_session_duration": 3600,
            "name": "dev-self-healing-lambda-role",
            "name_prefix": "",
            "path": "/",
            "permissions_boundary": "",
            "tags": {
              "Environment": "dev",
              "Name": "dev-self-healing-lambda-role"
            },
            "tags_all": {
              "Environment": "dev",
              "ManagedBy": "Terraform",
              "Name": "dev-self-healing-lambda-role",
              "Project": "3-Tier-App"
            },
            "unique_id": "AROAQHSSY4QR5YF3ZUUBW"
          },
          "sensitive_attributes": [],
          "identity_schema_version": 0,
          "identity": {
            "account_id": "016279725091",
            "name": "dev-self-healing-lambda-role"
          },
          "private": "bnVsbA=="
        }
      ]
    },
    {
      "module": "module.self_healing",
      "mode": "managed",
      "type": "aws_iam_role_policy",
      "name": "scheduler_execution",
      "provider": "provider[\"registry.terraform.io/hashicorp/aws\"]",
      "instances": [
        {
          "schema_version": 0,
          "attributes": {
            "id": "dev-self-healing-scheduler-role:dev-scheduler-lambda-policy",
            "name": "dev-scheduler-lambda-policy",
            "name_prefix": "",
            "policy": "{\"Version\":\"2012-10-17\",\"Statement\":[{\"Action\":[\"lambda:InvokeFunction\"],\"Effect\":\"Allow\",\"Resource\":\"arn:aws:lambda:eu-west-2:016279725091:function:dev-self-healing-controller\"}]}",
            "role": "dev-self-healing-scheduler-role"
          },
          "sensitive_attributes": [],
          "identity_schema_version": 0,
          "identity": {
            "account_id": "016279725091",
            "name": "dev-scheduler-lambda-policy",
            "role": "dev-self-healing-scheduler-role"
          },
          "private": "bnVsbA==",
          "dependencies": [
            "aws_iam_role.ecs_execution_role",
            "module.alb.aws_lb_target_group.app",
            "module.alb.aws_security_group.alb",
            "module.ecr.aws_ecr_repository.app",
            "module.ecs.aws_cloudwatch_log_group.ecs",
            "module.ecs.aws_ecs_cluster.main",
            "module.ecs.aws_ecs_service.main",
            "module.ecs.aws_ecs_task_definition.app",
            "module.ecs.aws_security_group.ecs_tasks",
            "module.rds.aws_secretsmanager_secret.db_credentials",
            "module.self_healing.aws_cloudwatch_log_group.self_healing",
            "module.self_healing.aws_iam_role.scheduler_execution",
            "module.self_healing.aws_iam_role.self_healing",
            "module.self_healing.aws_lambda_function.self_healing",
            "module.self_healing.data.archive_file.self_healing_lambda",
            "module.vpc.aws_subnet.private",
            "module.vpc.aws_vpc.main"
          ]
        }
      ]
    },
    {
      "module": "module.self_healing",
      "mode": "managed",
      "type": "aws_iam_role_policy",
      "name": "self_healing",
      "provider": "provider[\"registry.terraform.io/hashicorp/aws\"]",
      "instances": [
        {
          "schema_version": 0,
          "attributes": {
            "id": "dev-self-healing-lambda-role:dev-self-healing-policy",
            "name": "dev-self-healing-policy",
            "name_prefix": "",
            "policy": "{\"Version\":\"2012-10-17\",\"Statement\":[{\"Action\":[\"ecs:DescribeServices\",\"ecs:DescribeTasks\",\"ecs:ListTasks\",\"ecs:UpdateService\",\"ecs:StopTask\"],\"Effect\":\"Allow\",\"Resource\":\"*\"},{\"Action\":[\"elasticloadbalancing:DescribeTargetHealth\"],\"Effect\":\"Allow\",\"Resource\":\"*\"},{\"Action\":[\"cloudwatch:DescribeAlarms\"],\"Effect\":\"Allow\",\"Resource\":\"*\"},{\"Action\":[\"scheduler:CreateSchedule\"],\"Effect\":\"Allow\",\"Resource\":\"*\"},{\"Action\":[\"iam:PassRole\"],\"Effect\":\"Allow\",\"Resource\":\"arn:aws:iam::016279725091:role/dev-self-healing-scheduler-role\"},{\"Action\":[\"logs:CreateLogGroup\",\"logs:CreateLogStream\",\"logs:PutLogEvents\"],\"Effect\":\"Allow\",\"Resource\":\"*\"}]}",
            "role": "dev-self-healing-lambda-role"
          },
          "sensitive_attributes": [],
          "identity_schema_version": 0,
          "identity": {
            "account_id": "016279725091",
            "name": "dev-self-healing-policy",
            "role": "dev-self-healing-lambda-role"
          },
          "private": "bnVsbA==",
          "dependencies": [
            "module.self_healing.aws_iam_role.scheduler_execution",
            "module.self_healing.aws_iam_role.self_healing"
          ]
        }
      ]
    },
    {
      "module": "module.self_healing",
      "mode": "managed",
      "type": "aws_iam_role_policy",
      "name": "self_healing_lambda",
      "provider": "provider[\"registry.terraform.io/hashicorp/aws\"]",
      "instances": [
        {
          "schema_version": 0,
          "attributes": {
            "id": "dev-self-healing-lambda-role:dev-self-healing-lambda-policy",
            "name": "dev-self-healing-lambda-policy",
            "name_prefix": "",
            "policy": "{\"Version\":\"2012-10-17\",\"Statement\":[{\"Action\":[\"ecs:DescribeServices\",\"ecs:DescribeTasks\",\"ecs:ListTasks\",\"ecs:UpdateService\",\"ecs:StopTask\"],\"Effect\":\"Allow\",\"Resource\":\"*\"},{\"Action\":[\"logs:CreateLogGroup\",\"logs:CreateLogStream\",\"logs:PutLogEvents\"],\"Effect\":\"Allow\",\"Resource\":\"*\"}]}",
            "role": "dev-self-healing-lambda-role"
          },
          "sensitive_attributes": [],
          "identity_schema_version": 0,
          "identity": {
            "account_id": "016279725091",
            "name": "dev-self-healing-lambda-policy",
            "role": "dev-self-healing-lambda-role"
          },
          "private": "bnVsbA==",
          "dependencies": [
            "module.self_healing.aws_iam_role.self_healing"
          ]
        }
      ]
    },
    {
      "module": "module.self_healing",
      "mode": "managed",
      "type": "aws_lambda_function",
      "name": "self_healing",
      "provider": "provider[\"registry.terraform.io/hashicorp/aws\"]",
      "instances": [
        {
          "schema_version": 0,
          "attributes": {
            "architectures": [
              "x86_64"
            ],
            "arn": "arn:aws:lambda:eu-west-2:016279725091:function:dev-self-healing-controller",
            "capacity_provider_config": [],
            "code_sha256": "RHNJQZ4cVtKUgD9IFb2DD/R9Q568S62nAlOFGbmRZtM=",
            "code_signing_config_arn": "",
            "dead_letter_config": [],
            "description": "",
            "durable_config": [],
            "environment": [
              {
                "variables": {
                  "COOLDOWN_SECONDS": "120",
                  "CPU_SCALE_INCREMENT": "1",
                  "ECS_CLUSTER": "dev-ecs-cluster",
                  "ECS_SERVICE": "dev-service",
                  "MAX_RETRIES": "3",
                  "MAX_TASKS": "5",
                  "MIN_TASKS": "2",
                  "SCHEDULER_ROLE_ARN": "arn:aws:iam::016279725091:role/dev-self-healing-scheduler-role",
                  "TARGET_GROUP_ARN": "arn:aws:elasticloadbalancing:eu-west-2:016279725091:targetgroup/dev-tg/d7d101f1fd39aa0a"
                }
              }
            ],
            "ephemeral_storage": [
              {
                "size": 512
              }
            ],
            "file_system_config": [],
            "filename": "../../modules/self-healing/lambda/self_healing.zip",
            "function_name": "dev-self-healing-controller",
            "handler": "self_healing.lambda_handler",
            "id": "dev-self-healing-controller",
            "image_config": [],
            "image_uri": "",
            "invoke_arn": "arn:aws:apigateway:eu-west-2:lambda:path/2015-03-31/functions/arn:aws:lambda:eu-west-2:016279725091:function:dev-self-healing-controller/invocations",
            "kms_key_arn": "",
            "last_modified": "2026-09-10T11:03:57.330+0000",
            "layers": null,
            "logging_config": [
              {
                "application_log_level": "",
                "log_format": "Text",
                "log_group": "/aws/lambda/dev-self-healing-controller",
                "system_log_level": ""
              }
            ],
            "memory_size": 128,
            "package_type": "Zip",
            "publish": false,
            "publish_to": null,
            "qualified_arn": "arn:aws:lambda:eu-west-2:016279725091:function:dev-self-healing-controller:$LATEST",
            "qualified_invoke_arn": "arn:aws:apigateway:eu-west-2:lambda:path/2015-03-31/functions/arn:aws:lambda:eu-west-2:016279725091:function:dev-self-healing-controller:$LATEST/invocations",
            "region": "eu-west-2",
            "replace_security_groups_on_destroy": null,
            "replacement_security_group_ids": null,
            "reserved_concurrent_executions": -1,
            "response_streaming_invoke_arn": "arn:aws:apigateway:eu-west-2:lambda:path/2021-11-15/functions/arn:aws:lambda:eu-west-2:016279725091:function:dev-self-healing-controller/response-streaming-invocations",
            "role": "arn:aws:iam::016279725091:role/dev-self-healing-lambda-role",
            "runtime": "python3.12",
            "s3_bucket": null,
            "s3_key": null,
            "s3_object_version": null,
            "signing_job_arn": "",
            "signing_profile_version_arn": "",
            "skip_destroy": false,
            "snap_start": [],
            "source_code_hash": "RHNJQZ4cVtKUgD9IFb2DD/R9Q568S62nAlOFGbmRZtM=",
            "source_code_size": 3949,
            "source_kms_key_arn": "",
            "tags": {
              "Environment": "dev",
              "Name": "dev-self-healing-controller"
            },
            "tags_all": {
              "Environment": "dev",
              "ManagedBy": "Terraform",
              "Name": "dev-self-healing-controller",
              "Project": "3-Tier-App"
            },
            "tenancy_config": [],
            "timeout": 30,
            "timeouts": null,
            "tracing_config": [
              {
                "mode": "PassThrough"
              }
            ],
            "use_resource_timeout_for_propagation": null,
            "version": "$LATEST",
            "vpc_config": []
          },
          "sensitive_attributes": [],
          "identity_schema_version": 0,
          "identity": {
            "account_id": "016279725091",
            "function_name": "dev-self-healing-controller",
            "region": "eu-west-2"
          },
          "private": "eyJlMmJmYjczMC1lY2FhLTExZTYtOGY4OC0zNDM2M2JjN2M0YzAiOnsiY3JlYXRlIjo2MDAwMDAwMDAwMDAsImRlbGV0ZSI6NjAwMDAwMDAwMDAwLCJ1cGRhdGUiOjYwMDAwMDAwMDAwMH19",
          "dependencies": [
            "aws_iam_role.ecs_execution_role",
            "module.alb.aws_lb_target_group.app",
            "module.alb.aws_security_group.alb",
            "module.ecr.aws_ecr_repository.app",
            "module.ecs.aws_cloudwatch_log_group.ecs",
            "module.ecs.aws_ecs_cluster.main",
            "module.ecs.aws_ecs_service.main",
            "module.ecs.aws_ecs_task_definition.app",
            "module.ecs.aws_security_group.ecs_tasks",
            "module.rds.aws_secretsmanager_secret.db_credentials",
            "module.self_healing.aws_cloudwatch_log_group.self_healing",
            "module.self_healing.aws_iam_role.scheduler_execution",
            "module.self_healing.aws_iam_role.self_healing",
            "module.self_healing.data.archive_file.self_healing_lambda",
            "module.vpc.aws_subnet.private",
            "module.vpc.aws_vpc.main"
          ]
        }
      ]
    },
    {
      "module": "module.self_healing",
      "mode": "managed",
      "type": "aws_lambda_permission",
      "name": "alb_5xx_alarm",
      "provider": "provider[\"registry.terraform.io/hashicorp/aws\"]",
      "instances": [
        {
          "schema_version": 0,
          "attributes": {
            "action": "lambda:InvokeFunction",
            "event_source_token": null,
            "function_name": "dev-self-healing-controller",
            "function_url_auth_type": null,
            "id": "AllowALB5xxAlarmEventBridge",
            "invoked_via_function_url": null,
            "principal": "events.amazonaws.com",
            "principal_org_id": null,
            "qualifier": "",
            "region": "eu-west-2",
            "source_account": null,
            "source_arn": "arn:aws:events:eu-west-2:016279725091:rule/dev-alb-5xx-alarm",
            "statement_id": "AllowALB5xxAlarmEventBridge",
            "statement_id_prefix": "",
            "timeouts": null
          },
          "sensitive_attributes": [],
          "identity_schema_version": 0,
          "identity": {
            "account_id": "016279725091",
            "function_name": "dev-self-healing-controller",
            "qualifier": null,
            "region": "eu-west-2",
            "statement_id": "AllowALB5xxAlarmEventBridge"
          },
          "private": "eyJlMmJmYjczMC1lY2FhLTExZTYtOGY4OC0zNDM2M2JjN2M0YzAiOnsiY3JlYXRlIjozMDAwMDAwMDAwMDAsImRlbGV0ZSI6MzAwMDAwMDAwMDAwLCJyZWFkIjozMDAwMDAwMDAwMDB9fQ==",
          "dependencies": [
            "aws_iam_role.ecs_execution_role",
            "module.alb.aws_lb_target_group.app",
            "module.alb.aws_security_group.alb",
            "module.ecr.aws_ecr_repository.app",
            "module.ecs.aws_cloudwatch_log_group.ecs",
            "module.ecs.aws_ecs_cluster.main",
            "module.ecs.aws_ecs_service.main",
            "module.ecs.aws_ecs_task_definition.app",
            "module.ecs.aws_security_group.ecs_tasks",
            "module.rds.aws_secretsmanager_secret.db_credentials",
            "module.self_healing.aws_cloudwatch_event_rule.alb_5xx_alarm",
            "module.self_healing.aws_cloudwatch_log_group.self_healing",
            "module.self_healing.aws_iam_role.scheduler_execution",
            "module.self_healing.aws_iam_role.self_healing",
            "module.self_healing.aws_lambda_function.self_healing",
            "module.self_healing.data.archive_file.self_healing_lambda",
            "module.vpc.aws_subnet.private",
            "module.vpc.aws_vpc.main"
          ]
        }
      ]
    },
    {
      "module": "module.self_healing",
      "mode": "managed",
      "type": "aws_lambda_permission",
      "name": "alb_5xx_recovery",
      "provider": "provider[\"registry.terraform.io/hashicorp/aws\"]",
      "instances": [
        {
          "schema_version": 0,
          "attributes": {
            "action": "lambda:InvokeFunction",
            "event_source_token": null,
            "function_name": "dev-self-healing-controller",
            "function_url_auth_type": null,
            "id": "AllowALB5xxRecoveryEventBridge",
            "invoked_via_function_url": null,
            "principal": "events.amazonaws.com",
            "principal_org_id": null,
            "qualifier": "",
            "region": "eu-west-2",
            "source_account": null,
            "source_arn": "arn:aws:events:eu-west-2:016279725091:rule/dev-alb-5xx-recovery",
            "statement_id": "AllowALB5xxRecoveryEventBridge",
            "statement_id_prefix": "",
            "timeouts": null
          },
          "sensitive_attributes": [],
          "identity_schema_version": 0,
          "identity": {
            "account_id": "016279725091",
            "function_name": "dev-self-healing-controller",
            "qualifier": null,
            "region": "eu-west-2",
            "statement_id": "AllowALB5xxRecoveryEventBridge"
          },
          "private": "eyJlMmJmYjczMC1lY2FhLTExZTYtOGY4OC0zNDM2M2JjN2M0YzAiOnsiY3JlYXRlIjozMDAwMDAwMDAwMDAsImRlbGV0ZSI6MzAwMDAwMDAwMDAwLCJyZWFkIjozMDAwMDAwMDAwMDB9fQ==",
          "dependencies": [
            "aws_iam_role.ecs_execution_role",
            "module.alb.aws_lb_target_group.app",
            "module.alb.aws_security_group.alb",
            "module.ecr.aws_ecr_repository.app",
            "module.ecs.aws_cloudwatch_log_group.ecs",
            "module.ecs.aws_ecs_cluster.main",
            "module.ecs.aws_ecs_service.main",
            "module.ecs.aws_ecs_task_definition.app",
            "module.ecs.aws_security_group.ecs_tasks",
            "module.rds.aws_secretsmanager_secret.db_credentials",
            "module.self_healing.aws_cloudwatch_event_rule.alb_5xx_recovery",
            "module.self_healing.aws_cloudwatch_log_group.self_healing",
            "module.self_healing.aws_iam_role.scheduler_execution",
            "module.self_healing.aws_iam_role.self_healing",
            "module.self_healing.aws_lambda_function.self_healing",
            "module.self_healing.data.archive_file.self_healing_lambda",
            "module.vpc.aws_subnet.private",
            "module.vpc.aws_vpc.main"
          ]
        }
      ]
    },
    {
      "module": "module.self_healing",
      "mode": "managed",
      "type": "aws_lambda_permission",
      "name": "cpu_alarm",
      "provider": "provider[\"registry.terraform.io/hashicorp/aws\"]",
      "instances": [
        {
          "schema_version": 0,
          "attributes": {
            "action": "lambda:InvokeFunction",
            "event_source_token": null,
            "function_name": "dev-self-healing-controller",
            "function_url_auth_type": null,
            "id": "AllowCPUAlarmEventBridge",
            "invoked_via_function_url": null,
            "principal": "events.amazonaws.com",
            "principal_org_id": null,
            "qualifier": "",
            "region": "eu-west-2",
            "source_account": null,
            "source_arn": "arn:aws:events:eu-west-2:016279725091:rule/dev-cpu-alarm",
            "statement_id": "AllowCPUAlarmEventBridge",
            "statement_id_prefix": "",
            "timeouts": null
          },
          "sensitive_attributes": [],
          "identity_schema_version": 0,
          "identity": {
            "account_id": "016279725091",
            "function_name": "dev-self-healing-controller",
            "qualifier": null,
            "region": "eu-west-2",
            "statement_id": "AllowCPUAlarmEventBridge"
          },
          "private": "eyJlMmJmYjczMC1lY2FhLTExZTYtOGY4OC0zNDM2M2JjN2M0YzAiOnsiY3JlYXRlIjozMDAwMDAwMDAwMDAsImRlbGV0ZSI6MzAwMDAwMDAwMDAwLCJyZWFkIjozMDAwMDAwMDAwMDB9fQ==",
          "dependencies": [
            "aws_iam_role.ecs_execution_role",
            "module.alb.aws_lb_target_group.app",
            "module.alb.aws_security_group.alb",
            "module.ecr.aws_ecr_repository.app",
            "module.ecs.aws_cloudwatch_log_group.ecs",
            "module.ecs.aws_ecs_cluster.main",
            "module.ecs.aws_ecs_service.main",
            "module.ecs.aws_ecs_task_definition.app",
            "module.ecs.aws_security_group.ecs_tasks",
            "module.rds.aws_secretsmanager_secret.db_credentials",
            "module.self_healing.aws_cloudwatch_event_rule.cpu_alarm",
            "module.self_healing.aws_cloudwatch_log_group.self_healing",
            "module.self_healing.aws_iam_role.scheduler_execution",
            "module.self_healing.aws_iam_role.self_healing",
            "module.self_healing.aws_lambda_function.self_healing",
            "module.self_healing.data.archive_file.self_healing_lambda",
            "module.vpc.aws_subnet.private",
            "module.vpc.aws_vpc.main"
          ]
        }
      ]
    },
    {
      "module": "module.self_healing",
      "mode": "managed",
      "type": "aws_lambda_permission",
      "name": "cpu_recovery",
      "provider": "provider[\"registry.terraform.io/hashicorp/aws\"]",
      "instances": [
        {
          "schema_version": 0,
          "attributes": {
            "action": "lambda:InvokeFunction",
            "event_source_token": null,
            "function_name": "dev-self-healing-controller",
            "function_url_auth_type": null,
            "id": "AllowCPURecoveryEventBridge",
            "invoked_via_function_url": null,
            "principal": "events.amazonaws.com",
            "principal_org_id": null,
            "qualifier": "",
            "region": "eu-west-2",
            "source_account": null,
            "source_arn": "arn:aws:events:eu-west-2:016279725091:rule/dev-cpu-recovery",
            "statement_id": "AllowCPURecoveryEventBridge",
            "statement_id_prefix": "",
            "timeouts": null
          },
          "sensitive_attributes": [],
          "identity_schema_version": 0,
          "identity": {
            "account_id": "016279725091",
            "function_name": "dev-self-healing-controller",
            "qualifier": null,
            "region": "eu-west-2",
            "statement_id": "AllowCPURecoveryEventBridge"
          },
          "private": "eyJlMmJmYjczMC1lY2FhLTExZTYtOGY4OC0zNDM2M2JjN2M0YzAiOnsiY3JlYXRlIjozMDAwMDAwMDAwMDAsImRlbGV0ZSI6MzAwMDAwMDAwMDAwLCJyZWFkIjozMDAwMDAwMDAwMDB9fQ==",
          "dependencies": [
            "aws_iam_role.ecs_execution_role",
            "module.alb.aws_lb_target_group.app",
            "module.alb.aws_security_group.alb",
            "module.ecr.aws_ecr_repository.app",
            "module.ecs.aws_cloudwatch_log_group.ecs",
            "module.ecs.aws_ecs_cluster.main",
            "module.ecs.aws_ecs_service.main",
            "module.ecs.aws_ecs_task_definition.app",
            "module.ecs.aws_security_group.ecs_tasks",
            "module.rds.aws_secretsmanager_secret.db_credentials",
            "module.self_healing.aws_cloudwatch_event_rule.cpu_recovery",
            "module.self_healing.aws_cloudwatch_log_group.self_healing",
            "module.self_healing.aws_iam_role.scheduler_execution",
            "module.self_healing.aws_iam_role.self_healing",
            "module.self_healing.aws_lambda_function.self_healing",
            "module.self_healing.data.archive_file.self_healing_lambda",
            "module.vpc.aws_subnet.private",
            "module.vpc.aws_vpc.main"
          ]
        }
      ]
    },
    {
      "module": "module.self_healing",
      "mode": "managed",
      "type": "aws_lambda_permission",
      "name": "memory_alarm",
      "provider": "provider[\"registry.terraform.io/hashicorp/aws\"]",
      "instances": [
        {
          "schema_version": 0,
          "attributes": {
            "action": "lambda:InvokeFunction",
            "event_source_token": null,
            "function_name": "dev-self-healing-controller",
            "function_url_auth_type": null,
            "id": "AllowMemoryAlarmEventBridge",
            "invoked_via_function_url": null,
            "principal": "events.amazonaws.com",
            "principal_org_id": null,
            "qualifier": "",
            "region": "eu-west-2",
            "source_account": null,
            "source_arn": "arn:aws:events:eu-west-2:016279725091:rule/dev-memory-alarm",
            "statement_id": "AllowMemoryAlarmEventBridge",
            "statement_id_prefix": "",
            "timeouts": null
          },
          "sensitive_attributes": [],
          "identity_schema_version": 0,
          "identity": {
            "account_id": "016279725091",
            "function_name": "dev-self-healing-controller",
            "qualifier": null,
            "region": "eu-west-2",
            "statement_id": "AllowMemoryAlarmEventBridge"
          },
          "private": "eyJlMmJmYjczMC1lY2FhLTExZTYtOGY4OC0zNDM2M2JjN2M0YzAiOnsiY3JlYXRlIjozMDAwMDAwMDAwMDAsImRlbGV0ZSI6MzAwMDAwMDAwMDAwLCJyZWFkIjozMDAwMDAwMDAwMDB9fQ==",
          "dependencies": [
            "aws_iam_role.ecs_execution_role",
            "module.alb.aws_lb_target_group.app",
            "module.alb.aws_security_group.alb",
            "module.ecr.aws_ecr_repository.app",
            "module.ecs.aws_cloudwatch_log_group.ecs",
            "module.ecs.aws_ecs_cluster.main",
            "module.ecs.aws_ecs_service.main",
            "module.ecs.aws_ecs_task_definition.app",
            "module.ecs.aws_security_group.ecs_tasks",
            "module.rds.aws_secretsmanager_secret.db_credentials",
            "module.self_healing.aws_cloudwatch_event_rule.memory_alarm",
            "module.self_healing.aws_cloudwatch_log_group.self_healing",
            "module.self_healing.aws_iam_role.scheduler_execution",
            "module.self_healing.aws_iam_role.self_healing",
            "module.self_healing.aws_lambda_function.self_healing",
            "module.self_healing.data.archive_file.self_healing_lambda",
            "module.vpc.aws_subnet.private",
            "module.vpc.aws_vpc.main"
          ]
        }
      ]
    },
    {
      "module": "module.self_healing",
      "mode": "managed",
      "type": "aws_lambda_permission",
      "name": "memory_recovery",
      "provider": "provider[\"registry.terraform.io/hashicorp/aws\"]",
      "instances": [
        {
          "schema_version": 0,
          "attributes": {
            "action": "lambda:InvokeFunction",
            "event_source_token": null,
            "function_name": "dev-self-healing-controller",
            "function_url_auth_type": null,
            "id": "AllowMemoryRecoveryEventBridge",
            "invoked_via_function_url": null,
            "principal": "events.amazonaws.com",
            "principal_org_id": null,
            "qualifier": "",
            "region": "eu-west-2",
            "source_account": null,
            "source_arn": "arn:aws:events:eu-west-2:016279725091:rule/dev-memory-recovery",
            "statement_id": "AllowMemoryRecoveryEventBridge",
            "statement_id_prefix": "",
            "timeouts": null
          },
          "sensitive_attributes": [],
          "identity_schema_version": 0,
          "identity": {
            "account_id": "016279725091",
            "function_name": "dev-self-healing-controller",
            "qualifier": null,
            "region": "eu-west-2",
            "statement_id": "AllowMemoryRecoveryEventBridge"
          },
          "private": "eyJlMmJmYjczMC1lY2FhLTExZTYtOGY4OC0zNDM2M2JjN2M0YzAiOnsiY3JlYXRlIjozMDAwMDAwMDAwMDAsImRlbGV0ZSI6MzAwMDAwMDAwMDAwLCJyZWFkIjozMDAwMDAwMDAwMDB9fQ==",
          "dependencies": [
            "aws_iam_role.ecs_execution_role",
            "module.alb.aws_lb_target_group.app",
            "module.alb.aws_security_group.alb",
            "module.ecr.aws_ecr_repository.app",
            "module.ecs.aws_cloudwatch_log_group.ecs",
            "module.ecs.aws_ecs_cluster.main",
            "module.ecs.aws_ecs_service.main",
            "module.ecs.aws_ecs_task_definition.app",
            "module.ecs.aws_security_group.ecs_tasks",
            "module.rds.aws_secretsmanager_secret.db_credentials",
            "module.self_healing.aws_cloudwatch_event_rule.memory_recovery",
            "module.self_healing.aws_cloudwatch_log_group.self_healing",
            "module.self_healing.aws_iam_role.scheduler_execution",
            "module.self_healing.aws_iam_role.self_healing",
            "module.self_healing.aws_lambda_function.self_healing",
            "module.self_healing.data.archive_file.self_healing_lambda",
            "module.vpc.aws_subnet.private",
            "module.vpc.aws_vpc.main"
          ]
        }
      ]
    },
    {
      "module": "module.vpc",
      "mode": "managed",
      "type": "aws_eip",
      "name": "nat",
      "provider": "provider[\"registry.terraform.io/hashicorp/aws\"]",
      "instances": [
        {
          "schema_version": 0,
          "attributes": {
            "address": null,
            "allocation_id": "eipalloc-04cfa6919345b2a47",
            "arn": "arn:aws:ec2:eu-west-2:016279725091:elastic-ip/eipalloc-04cfa6919345b2a47",
            "associate_with_private_ip": null,
            "association_id": "eipassoc-08b6f712ffb96194e",
            "carrier_ip": "",
            "customer_owned_ip": "",
            "customer_owned_ipv4_pool": "",
            "domain": "vpc",
            "id": "eipalloc-04cfa6919345b2a47",
            "instance": "",
            "ipam_pool_id": "",
            "network_border_group": "eu-west-2",
            "network_interface": "eni-0e9fcf2b030ccb5e5",
            "private_dns": "ip-10-0-1-243.eu-west-2.compute.internal",
            "private_ip": "10.0.1.243",
            "ptr_record": "",
            "public_dns": "ec2-13-42-195-15.eu-west-2.compute.amazonaws.com",
            "public_ip": "13.42.195.15",
            "public_ipv4_pool": "amazon",
            "region": "eu-west-2",
            "tags": {},
            "tags_all": {
              "Environment": "dev",
              "ManagedBy": "Terraform",
              "Project": "3-Tier-App"
            },
            "timeouts": null
          },
          "sensitive_attributes": [],
          "identity_schema_version": 0,
          "identity": {
            "account_id": "016279725091",
            "id": "eipalloc-04cfa6919345b2a47",
            "region": "eu-west-2"
          },
          "private": "eyJlMmJmYjczMC1lY2FhLTExZTYtOGY4OC0zNDM2M2JjN2M0YzAiOnsiZGVsZXRlIjoxODAwMDAwMDAwMDAsInJlYWQiOjkwMDAwMDAwMDAwMCwidXBkYXRlIjozMDAwMDAwMDAwMDB9fQ=="
        }
      ]
    },
    {
      "module": "module.vpc",
      "mode": "managed",
      "type": "aws_internet_gateway",
      "name": "gw",
      "provider": "provider[\"registry.terraform.io/hashicorp/aws\"]",
      "instances": [
        {
          "schema_version": 0,
          "attributes": {
            "arn": "arn:aws:ec2:eu-west-2:016279725091:internet-gateway/igw-0d752377a6622e940",
            "id": "igw-0d752377a6622e940",
            "owner_id": "016279725091",
            "region": "eu-west-2",
            "tags": {},
            "tags_all": {
              "Environment": "dev",
              "ManagedBy": "Terraform",
              "Project": "3-Tier-App"
            },
            "timeouts": null,
            "vpc_id": "vpc-0f7509be53e4bb76e"
          },
          "sensitive_attributes": [],
          "identity_schema_version": 0,
          "identity": {
            "account_id": "016279725091",
            "id": "igw-0d752377a6622e940",
            "region": "eu-west-2"
          },
          "private": "eyJlMmJmYjczMC1lY2FhLTExZTYtOGY4OC0zNDM2M2JjN2M0YzAiOnsiY3JlYXRlIjoxMjAwMDAwMDAwMDAwLCJkZWxldGUiOjEyMDAwMDAwMDAwMDAsInVwZGF0ZSI6MTIwMDAwMDAwMDAwMH19",
          "dependencies": [
            "module.vpc.aws_vpc.main"
          ]
        }
      ]
    },
    {
      "module": "module.vpc",
      "mode": "managed",
      "type": "aws_nat_gateway",
      "name": "nat",
      "provider": "provider[\"registry.terraform.io/hashicorp/aws\"]",
      "instances": [
        {
          "schema_version": 0,
          "attributes": {
            "allocation_id": "eipalloc-04cfa6919345b2a47",
            "association_id": "eipassoc-08b6f712ffb96194e",
            "auto_provision_zones": null,
            "auto_scaling_ips": null,
            "availability_mode": "zonal",
            "availability_zone_address": [],
            "connectivity_type": "public",
            "id": "nat-050450f1f6ba622ea",
            "network_interface_id": "eni-0e9fcf2b030ccb5e5",
            "private_ip": "10.0.1.243",
            "public_ip": "13.42.195.15",
            "region": "eu-west-2",
            "regional_nat_gateway_address": [],
            "regional_nat_gateway_auto_mode": null,
            "route_table_id": null,
            "secondary_allocation_ids": [],
            "secondary_private_ip_address_count": 0,
            "secondary_private_ip_addresses": [],
            "subnet_id": "subnet-07990a5ec15c3c6b7",
            "tags": {},
            "tags_all": {
              "Environment": "dev",
              "ManagedBy": "Terraform",
              "Project": "3-Tier-App"
            },
            "timeouts": null,
            "vpc_id": "vpc-0f7509be53e4bb76e"
          },
          "sensitive_attributes": [],
          "identity_schema_version": 0,
          "identity": {
            "account_id": "016279725091",
            "id": "nat-050450f1f6ba622ea",
            "region": "eu-west-2"
          },
          "private": "eyJlMmJmYjczMC1lY2FhLTExZTYtOGY4OC0zNDM2M2JjN2M0YzAiOnsiY3JlYXRlIjo2MDAwMDAwMDAwMDAsImRlbGV0ZSI6MTgwMDAwMDAwMDAwMCwidXBkYXRlIjo2MDAwMDAwMDAwMDB9fQ==",
          "dependencies": [
            "module.vpc.aws_eip.nat",
            "module.vpc.aws_subnet.public",
            "module.vpc.aws_vpc.main"
          ]
        }
      ]
    },
    {
      "module": "module.vpc",
      "mode": "managed",
      "type": "aws_route_table",
      "name": "private",
      "provider": "provider[\"registry.terraform.io/hashicorp/aws\"]",
      "instances": [
        {
          "schema_version": 0,
          "attributes": {
            "arn": "arn:aws:ec2:eu-west-2:016279725091:route-table/rtb-0291d1e91ced52667",
            "id": "rtb-0291d1e91ced52667",
            "owner_id": "016279725091",
            "propagating_vgws": [],
            "region": "eu-west-2",
            "route": [
              {
                "carrier_gateway_id": "",
                "cidr_block": "0.0.0.0/0",
                "core_network_arn": "",
                "destination_prefix_list_id": "",
                "egress_only_gateway_id": "",
                "gateway_id": "",
                "ipv6_cidr_block": "",
                "local_gateway_id": "",
                "nat_gateway_id": "nat-050450f1f6ba622ea",
                "network_interface_id": "",
                "odb_network_arn": "",
                "transit_gateway_id": "",
                "vpc_endpoint_id": "",
                "vpc_peering_connection_id": ""
              }
            ],
            "tags": {},
            "tags_all": {
              "Environment": "dev",
              "ManagedBy": "Terraform",
              "Project": "3-Tier-App"
            },
            "timeouts": null,
            "vpc_id": "vpc-0f7509be53e4bb76e"
          },
          "sensitive_attributes": [],
          "identity_schema_version": 0,
          "identity": {
            "account_id": "016279725091",
            "id": "rtb-0291d1e91ced52667",
            "region": "eu-west-2"
          },
          "private": "eyJlMmJmYjczMC1lY2FhLTExZTYtOGY4OC0zNDM2M2JjN2M0YzAiOnsiY3JlYXRlIjozMDAwMDAwMDAwMDAsImRlbGV0ZSI6MzAwMDAwMDAwMDAwLCJ1cGRhdGUiOjEyMDAwMDAwMDAwMH19",
          "dependencies": [
            "module.vpc.aws_eip.nat",
            "module.vpc.aws_nat_gateway.nat",
            "module.vpc.aws_subnet.public",
            "module.vpc.aws_vpc.main"
          ]
        }
      ]
    },
    {
      "module": "module.vpc",
      "mode": "managed",
      "type": "aws_route_table",
      "name": "public",
      "provider": "provider[\"registry.terraform.io/hashicorp/aws\"]",
      "instances": [
        {
          "schema_version": 0,
          "attributes": {
            "arn": "arn:aws:ec2:eu-west-2:016279725091:route-table/rtb-0f2d482043722b2e6",
            "id": "rtb-0f2d482043722b2e6",
            "owner_id": "016279725091",
            "propagating_vgws": [],
            "region": "eu-west-2",
            "route": [
              {
                "carrier_gateway_id": "",
                "cidr_block": "0.0.0.0/0",
                "core_network_arn": "",
                "destination_prefix_list_id": "",
                "egress_only_gateway_id": "",
                "gateway_id": "igw-0d752377a6622e940",
                "ipv6_cidr_block": "",
                "local_gateway_id": "",
                "nat_gateway_id": "",
                "network_interface_id": "",
                "odb_network_arn": "",
                "transit_gateway_id": "",
                "vpc_endpoint_id": "",
                "vpc_peering_connection_id": ""
              }
            ],
            "tags": {},
            "tags_all": {
              "Environment": "dev",
              "ManagedBy": "Terraform",
              "Project": "3-Tier-App"
            },
            "timeouts": null,
            "vpc_id": "vpc-0f7509be53e4bb76e"
          },
          "sensitive_attributes": [],
          "identity_schema_version": 0,
          "identity": {
            "account_id": "016279725091",
            "id": "rtb-0f2d482043722b2e6",
            "region": "eu-west-2"
          },
          "private": "eyJlMmJmYjczMC1lY2FhLTExZTYtOGY4OC0zNDM2M2JjN2M0YzAiOnsiY3JlYXRlIjozMDAwMDAwMDAwMDAsImRlbGV0ZSI6MzAwMDAwMDAwMDAwLCJ1cGRhdGUiOjEyMDAwMDAwMDAwMH19",
          "dependencies": [
            "module.vpc.aws_internet_gateway.gw",
            "module.vpc.aws_vpc.main"
          ]
        }
      ]
    },
    {
      "module": "module.vpc",
      "mode": "managed",
      "type": "aws_route_table_association",
      "name": "private",
      "provider": "provider[\"registry.terraform.io/hashicorp/aws\"]",
      "instances": [
        {
          "index_key": 0,
          "schema_version": 0,
          "attributes": {
            "gateway_id": "",
            "id": "rtbassoc-003e98f6075ba017e",
            "region": "eu-west-2",
            "route_table_id": "rtb-0291d1e91ced52667",
            "subnet_id": "subnet-09a2861986c7d774c",
            "timeouts": null
          },
          "sensitive_attributes": [],
          "identity_schema_version": 0,
          "identity": {
            "account_id": "016279725091",
            "id": "rtbassoc-003e98f6075ba017e",
            "region": "eu-west-2"
          },
          "private": "eyJlMmJmYjczMC1lY2FhLTExZTYtOGY4OC0zNDM2M2JjN2M0YzAiOnsiY3JlYXRlIjozMDAwMDAwMDAwMDAsImRlbGV0ZSI6MzAwMDAwMDAwMDAwLCJ1cGRhdGUiOjEyMDAwMDAwMDAwMH19",
          "dependencies": [
            "module.vpc.aws_eip.nat",
            "module.vpc.aws_nat_gateway.nat",
            "module.vpc.aws_route_table.private",
            "module.vpc.aws_subnet.private",
            "module.vpc.aws_subnet.public",
            "module.vpc.aws_vpc.main"
          ]
        },
        {
          "index_key": 1,
          "schema_version": 0,
          "attributes": {
            "gateway_id": "",
            "id": "rtbassoc-05918d333ddf97af4",
            "region": "eu-west-2",
            "route_table_id": "rtb-0291d1e91ced52667",
            "subnet_id": "subnet-0e582cd66c0ff5353",
            "timeouts": null
          },
          "sensitive_attributes": [],
          "identity_schema_version": 0,
          "identity": {
            "account_id": "016279725091",
            "id": "rtbassoc-05918d333ddf97af4",
            "region": "eu-west-2"
          },
          "private": "eyJlMmJmYjczMC1lY2FhLTExZTYtOGY4OC0zNDM2M2JjN2M0YzAiOnsiY3JlYXRlIjozMDAwMDAwMDAwMDAsImRlbGV0ZSI6MzAwMDAwMDAwMDAwLCJ1cGRhdGUiOjEyMDAwMDAwMDAwMH19",
          "dependencies": [
            "module.vpc.aws_eip.nat",
            "module.vpc.aws_nat_gateway.nat",
            "module.vpc.aws_route_table.private",
            "module.vpc.aws_subnet.private",
            "module.vpc.aws_subnet.public",
            "module.vpc.aws_vpc.main"
          ]
        }
      ]
    },
    {
      "module": "module.vpc",
      "mode": "managed",
      "type": "aws_route_table_association",
      "name": "public",
      "provider": "provider[\"registry.terraform.io/hashicorp/aws\"]",
      "instances": [
        {
          "index_key": 0,
          "schema_version": 0,
          "attributes": {
            "gateway_id": "",
            "id": "rtbassoc-04b15182ec02e4922",
            "region": "eu-west-2",
            "route_table_id": "rtb-0f2d482043722b2e6",
            "subnet_id": "subnet-07990a5ec15c3c6b7",
            "timeouts": null
          },
          "sensitive_attributes": [],
          "identity_schema_version": 0,
          "identity": {
            "account_id": "016279725091",
            "id": "rtbassoc-04b15182ec02e4922",
            "region": "eu-west-2"
          },
          "private": "eyJlMmJmYjczMC1lY2FhLTExZTYtOGY4OC0zNDM2M2JjN2M0YzAiOnsiY3JlYXRlIjozMDAwMDAwMDAwMDAsImRlbGV0ZSI6MzAwMDAwMDAwMDAwLCJ1cGRhdGUiOjEyMDAwMDAwMDAwMH19",
          "dependencies": [
            "module.vpc.aws_internet_gateway.gw",
            "module.vpc.aws_route_table.public",
            "module.vpc.aws_subnet.public",
            "module.vpc.aws_vpc.main"
          ]
        },
        {
          "index_key": 1,
          "schema_version": 0,
          "attributes": {
            "gateway_id": "",
            "id": "rtbassoc-08b3fa987fd92eae3",
            "region": "eu-west-2",
            "route_table_id": "rtb-0f2d482043722b2e6",
            "subnet_id": "subnet-032e57d599fcb234b",
            "timeouts": null
          },
          "sensitive_attributes": [],
          "identity_schema_version": 0,
          "identity": {
            "account_id": "016279725091",
            "id": "rtbassoc-08b3fa987fd92eae3",
            "region": "eu-west-2"
          },
          "private": "eyJlMmJmYjczMC1lY2FhLTExZTYtOGY4OC0zNDM2M2JjN2M0YzAiOnsiY3JlYXRlIjozMDAwMDAwMDAwMDAsImRlbGV0ZSI6MzAwMDAwMDAwMDAwLCJ1cGRhdGUiOjEyMDAwMDAwMDAwMH19",
          "dependencies": [
            "module.vpc.aws_internet_gateway.gw",
            "module.vpc.aws_route_table.public",
            "module.vpc.aws_subnet.public",
            "module.vpc.aws_vpc.main"
          ]
        }
      ]
    },
    {
      "module": "module.vpc",
      "mode": "managed",
      "type": "aws_subnet",
      "name": "database",
      "provider": "provider[\"registry.terraform.io/hashicorp/aws\"]",
      "instances": [
        {
          "index_key": 0,
          "schema_version": 1,
          "attributes": {
            "arn": "arn:aws:ec2:eu-west-2:016279725091:subnet/subnet-0f5f6d79b8768765a",
            "assign_ipv6_address_on_creation": false,
            "availability_zone": "eu-west-2a",
            "availability_zone_id": "euw2-az2",
            "cidr_block": "10.0.100.0/24",
            "customer_owned_ipv4_pool": "",
            "enable_dns64": false,
            "enable_lni_at_device_index": 0,
            "enable_resource_name_dns_a_record_on_launch": false,
            "enable_resource_name_dns_aaaa_record_on_launch": false,
            "id": "subnet-0f5f6d79b8768765a",
            "ipv4_ipam_pool_id": null,
            "ipv4_netmask_length": null,
            "ipv6_cidr_block": "",
            "ipv6_cidr_block_association_id": "",
            "ipv6_ipam_pool_id": null,
            "ipv6_native": false,
            "ipv6_netmask_length": null,
            "map_customer_owned_ip_on_launch": false,
            "map_public_ip_on_launch": false,
            "outpost_arn": "",
            "owner_id": "016279725091",
            "private_dns_hostname_type_on_launch": "ip-name",
            "region": "eu-west-2",
            "tags": {
              "Name": "dev-db-1"
            },
            "tags_all": {
              "Environment": "dev",
              "ManagedBy": "Terraform",
              "Name": "dev-db-1",
              "Project": "3-Tier-App"
            },
            "timeouts": null,
            "vpc_id": "vpc-0f7509be53e4bb76e"
          },
          "sensitive_attributes": [],
          "identity_schema_version": 0,
          "identity": {
            "account_id": "016279725091",
            "id": "subnet-0f5f6d79b8768765a",
            "region": "eu-west-2"
          },
          "private": "eyJlMmJmYjczMC1lY2FhLTExZTYtOGY4OC0zNDM2M2JjN2M0YzAiOnsiY3JlYXRlIjo2MDAwMDAwMDAwMDAsImRlbGV0ZSI6MTIwMDAwMDAwMDAwMH0sInNjaGVtYV92ZXJzaW9uIjoiMSJ9",
          "dependencies": [
            "module.vpc.aws_vpc.main"
          ]
        },
        {
          "index_key": 1,
          "schema_version": 1,
          "attributes": {
            "arn": "arn:aws:ec2:eu-west-2:016279725091:subnet/subnet-0d94f2d7c7c75b374",
            "assign_ipv6_address_on_creation": false,
            "availability_zone": "eu-west-2b",
            "availability_zone_id": "euw2-az3",
            "cidr_block": "10.0.200.0/24",
            "customer_owned_ipv4_pool": "",
            "enable_dns64": false,
            "enable_lni_at_device_index": 0,
            "enable_resource_name_dns_a_record_on_launch": false,
            "enable_resource_name_dns_aaaa_record_on_launch": false,
            "id": "subnet-0d94f2d7c7c75b374",
            "ipv4_ipam_pool_id": null,
            "ipv4_netmask_length": null,
            "ipv6_cidr_block": "",
            "ipv6_cidr_block_association_id": "",
            "ipv6_ipam_pool_id": null,
            "ipv6_native": false,
            "ipv6_netmask_length": null,
            "map_customer_owned_ip_on_launch": false,
            "map_public_ip_on_launch": false,
            "outpost_arn": "",
            "owner_id": "016279725091",
            "private_dns_hostname_type_on_launch": "ip-name",
            "region": "eu-west-2",
            "tags": {
              "Name": "dev-db-2"
            },
            "tags_all": {
              "Environment": "dev",
              "ManagedBy": "Terraform",
              "Name": "dev-db-2",
              "Project": "3-Tier-App"
            },
            "timeouts": null,
            "vpc_id": "vpc-0f7509be53e4bb76e"
          },
          "sensitive_attributes": [],
          "identity_schema_version": 0,
          "identity": {
            "account_id": "016279725091",
            "id": "subnet-0d94f2d7c7c75b374",
            "region": "eu-west-2"
          },
          "private": "eyJlMmJmYjczMC1lY2FhLTExZTYtOGY4OC0zNDM2M2JjN2M0YzAiOnsiY3JlYXRlIjo2MDAwMDAwMDAwMDAsImRlbGV0ZSI6MTIwMDAwMDAwMDAwMH0sInNjaGVtYV92ZXJzaW9uIjoiMSJ9",
          "dependencies": [
            "module.vpc.aws_vpc.main"
          ]
        }
      ]
    },
    {
      "module": "module.vpc",
      "mode": "managed",
      "type": "aws_subnet",
      "name": "private",
      "provider": "provider[\"registry.terraform.io/hashicorp/aws\"]",
      "instances": [
        {
          "index_key": 0,
          "schema_version": 1,
          "attributes": {
            "arn": "arn:aws:ec2:eu-west-2:016279725091:subnet/subnet-09a2861986c7d774c",
            "assign_ipv6_address_on_creation": false,
            "availability_zone": "eu-west-2a",
            "availability_zone_id": "euw2-az2",
            "cidr_block": "10.0.10.0/24",
            "customer_owned_ipv4_pool": "",
            "enable_dns64": false,
            "enable_lni_at_device_index": 0,
            "enable_resource_name_dns_a_record_on_launch": false,
            "enable_resource_name_dns_aaaa_record_on_launch": false,
            "id": "subnet-09a2861986c7d774c",
            "ipv4_ipam_pool_id": null,
            "ipv4_netmask_length": null,
            "ipv6_cidr_block": "",
            "ipv6_cidr_block_association_id": "",
            "ipv6_ipam_pool_id": null,
            "ipv6_native": false,
            "ipv6_netmask_length": null,
            "map_customer_owned_ip_on_launch": false,
            "map_public_ip_on_launch": false,
            "outpost_arn": "",
            "owner_id": "016279725091",
            "private_dns_hostname_type_on_launch": "ip-name",
            "region": "eu-west-2",
            "tags": {
              "Name": "dev-private-1"
            },
            "tags_all": {
              "Environment": "dev",
              "ManagedBy": "Terraform",
              "Name": "dev-private-1",
              "Project": "3-Tier-App"
            },
            "timeouts": null,
            "vpc_id": "vpc-0f7509be53e4bb76e"
          },
          "sensitive_attributes": [],
          "identity_schema_version": 0,
          "identity": {
            "account_id": "016279725091",
            "id": "subnet-09a2861986c7d774c",
            "region": "eu-west-2"
          },
          "private": "eyJlMmJmYjczMC1lY2FhLTExZTYtOGY4OC0zNDM2M2JjN2M0YzAiOnsiY3JlYXRlIjo2MDAwMDAwMDAwMDAsImRlbGV0ZSI6MTIwMDAwMDAwMDAwMH0sInNjaGVtYV92ZXJzaW9uIjoiMSJ9",
          "dependencies": [
            "module.vpc.aws_vpc.main"
          ]
        },
        {
          "index_key": 1,
          "schema_version": 1,
          "attributes": {
            "arn": "arn:aws:ec2:eu-west-2:016279725091:subnet/subnet-0e582cd66c0ff5353",
            "assign_ipv6_address_on_creation": false,
            "availability_zone": "eu-west-2b",
            "availability_zone_id": "euw2-az3",
            "cidr_block": "10.0.20.0/24",
            "customer_owned_ipv4_pool": "",
            "enable_dns64": false,
            "enable_lni_at_device_index": 0,
            "enable_resource_name_dns_a_record_on_launch": false,
            "enable_resource_name_dns_aaaa_record_on_launch": false,
            "id": "subnet-0e582cd66c0ff5353",
            "ipv4_ipam_pool_id": null,
            "ipv4_netmask_length": null,
            "ipv6_cidr_block": "",
            "ipv6_cidr_block_association_id": "",
            "ipv6_ipam_pool_id": null,
            "ipv6_native": false,
            "ipv6_netmask_length": null,
            "map_customer_owned_ip_on_launch": false,
            "map_public_ip_on_launch": false,
            "outpost_arn": "",
            "owner_id": "016279725091",
            "private_dns_hostname_type_on_launch": "ip-name",
            "region": "eu-west-2",
            "tags": {
              "Name": "dev-private-2"
            },
            "tags_all": {
              "Environment": "dev",
              "ManagedBy": "Terraform",
              "Name": "dev-private-2",
              "Project": "3-Tier-App"
            },
            "timeouts": null,
            "vpc_id": "vpc-0f7509be53e4bb76e"
          },
          "sensitive_attributes": [],
          "identity_schema_version": 0,
          "identity": {
            "account_id": "016279725091",
            "id": "subnet-0e582cd66c0ff5353",
            "region": "eu-west-2"
          },
          "private": "eyJlMmJmYjczMC1lY2FhLTExZTYtOGY4OC0zNDM2M2JjN2M0YzAiOnsiY3JlYXRlIjo2MDAwMDAwMDAwMDAsImRlbGV0ZSI6MTIwMDAwMDAwMDAwMH0sInNjaGVtYV92ZXJzaW9uIjoiMSJ9",
          "dependencies": [
            "module.vpc.aws_vpc.main"
          ]
        }
      ]
    },
    {
      "module": "module.vpc",
      "mode": "managed",
      "type": "aws_subnet",
      "name": "public",
      "provider": "provider[\"registry.terraform.io/hashicorp/aws\"]",
      "instances": [
        {
          "index_key": 0,
          "schema_version": 1,
          "attributes": {
            "arn": "arn:aws:ec2:eu-west-2:016279725091:subnet/subnet-07990a5ec15c3c6b7",
            "assign_ipv6_address_on_creation": false,
            "availability_zone": "eu-west-2a",
            "availability_zone_id": "euw2-az2",
            "cidr_block": "10.0.1.0/24",
            "customer_owned_ipv4_pool": "",
            "enable_dns64": false,
            "enable_lni_at_device_index": 0,
            "enable_resource_name_dns_a_record_on_launch": false,
            "enable_resource_name_dns_aaaa_record_on_launch": false,
            "id": "subnet-07990a5ec15c3c6b7",
            "ipv4_ipam_pool_id": null,
            "ipv4_netmask_length": null,
            "ipv6_cidr_block": "",
            "ipv6_cidr_block_association_id": "",
            "ipv6_ipam_pool_id": null,
            "ipv6_native": false,
            "ipv6_netmask_length": null,
            "map_customer_owned_ip_on_launch": false,
            "map_public_ip_on_launch": true,
            "outpost_arn": "",
            "owner_id": "016279725091",
            "private_dns_hostname_type_on_launch": "ip-name",
            "region": "eu-west-2",
            "tags": {
              "Name": "dev-public-1"
            },
            "tags_all": {
              "Environment": "dev",
              "ManagedBy": "Terraform",
              "Name": "dev-public-1",
              "Project": "3-Tier-App"
            },
            "timeouts": null,
            "vpc_id": "vpc-0f7509be53e4bb76e"
          },
          "sensitive_attributes": [],
          "identity_schema_version": 0,
          "identity": {
            "account_id": "016279725091",
            "id": "subnet-07990a5ec15c3c6b7",
            "region": "eu-west-2"
          },
          "private": "eyJlMmJmYjczMC1lY2FhLTExZTYtOGY4OC0zNDM2M2JjN2M0YzAiOnsiY3JlYXRlIjo2MDAwMDAwMDAwMDAsImRlbGV0ZSI6MTIwMDAwMDAwMDAwMH0sInNjaGVtYV92ZXJzaW9uIjoiMSJ9",
          "dependencies": [
            "module.vpc.aws_vpc.main"
          ]
        },
        {
          "index_key": 1,
          "schema_version": 1,
          "attributes": {
            "arn": "arn:aws:ec2:eu-west-2:016279725091:subnet/subnet-032e57d599fcb234b",
            "assign_ipv6_address_on_creation": false,
            "availability_zone": "eu-west-2b",
            "availability_zone_id": "euw2-az3",
            "cidr_block": "10.0.2.0/24",
            "customer_owned_ipv4_pool": "",
            "enable_dns64": false,
            "enable_lni_at_device_index": 0,
            "enable_resource_name_dns_a_record_on_launch": false,
            "enable_resource_name_dns_aaaa_record_on_launch": false,
            "id": "subnet-032e57d599fcb234b",
            "ipv4_ipam_pool_id": null,
            "ipv4_netmask_length": null,
            "ipv6_cidr_block": "",
            "ipv6_cidr_block_association_id": "",
            "ipv6_ipam_pool_id": null,
            "ipv6_native": false,
            "ipv6_netmask_length": null,
            "map_customer_owned_ip_on_launch": false,
            "map_public_ip_on_launch": true,
            "outpost_arn": "",
            "owner_id": "016279725091",
            "private_dns_hostname_type_on_launch": "ip-name",
            "region": "eu-west-2",
            "tags": {
              "Name": "dev-public-2"
            },
            "tags_all": {
              "Environment": "dev",
              "ManagedBy": "Terraform",
              "Name": "dev-public-2",
              "Project": "3-Tier-App"
            },
            "timeouts": null,
            "vpc_id": "vpc-0f7509be53e4bb76e"
          },
          "sensitive_attributes": [],
          "identity_schema_version": 0,
          "identity": {
            "account_id": "016279725091",
            "id": "subnet-032e57d599fcb234b",
            "region": "eu-west-2"
          },
          "private": "eyJlMmJmYjczMC1lY2FhLTExZTYtOGY4OC0zNDM2M2JjN2M0YzAiOnsiY3JlYXRlIjo2MDAwMDAwMDAwMDAsImRlbGV0ZSI6MTIwMDAwMDAwMDAwMH0sInNjaGVtYV92ZXJzaW9uIjoiMSJ9",
          "dependencies": [
            "module.vpc.aws_vpc.main"
          ]
        }
      ]
    },
    {
      "module": "module.vpc",
      "mode": "managed",
      "type": "aws_vpc",
      "name": "main",
      "provider": "provider[\"registry.terraform.io/hashicorp/aws\"]",
      "instances": [
        {
          "schema_version": 1,
          "attributes": {
            "arn": "arn:aws:ec2:eu-west-2:016279725091:vpc/vpc-0f7509be53e4bb76e",
            "assign_generated_ipv6_cidr_block": false,
            "cidr_block": "10.0.0.0/16",
            "default_network_acl_id": "acl-0eeb9edeece853b22",
            "default_route_table_id": "rtb-0a37c6a9fcb71ea3e",
            "default_security_group_id": "sg-0c0f7b67566e83b4e",
            "dhcp_options_id": "dopt-064d87e419c5adee6",
            "enable_dns_hostnames": true,
            "enable_dns_support": true,
            "enable_network_address_usage_metrics": false,
            "id": "vpc-0f7509be53e4bb76e",
            "instance_tenancy": "default",
            "ipv4_ipam_pool_id": null,
            "ipv4_netmask_length": null,
            "ipv6_association_id": "",
            "ipv6_cidr_block": "",
            "ipv6_cidr_block_network_border_group": "",
            "ipv6_ipam_pool_id": "",
            "ipv6_netmask_length": 0,
            "main_route_table_id": "rtb-0a37c6a9fcb71ea3e",
            "owner_id": "016279725091",
            "region": "eu-west-2",
            "tags": {
              "Name": "dev-vpc"
            },
            "tags_all": {
              "Environment": "dev",
              "ManagedBy": "Terraform",
              "Name": "dev-vpc",
              "Project": "3-Tier-App"
            }
          },
          "sensitive_attributes": [],
          "identity_schema_version": 0,
          "identity": {
            "account_id": "016279725091",
            "id": "vpc-0f7509be53e4bb76e",
            "region": "eu-west-2"
          },
          "private": "eyJzY2hlbWFfdmVyc2lvbiI6IjEifQ=="
        }
      ]
    }
  ],
  "check_results": null
}
